// !$*UTF8*$!
{
	archiveVersion = 1;
	classes = {
	};
	objectVersion = 48;
	objects = {

/* Begin PBXBuildFile section */
		43A51CE679CDCDB099C5D11A /* Pods_churabouUITests.framework in Frameworks */ = {isa = PBXBuildFile; fileRef = 154DF823E099F349EDC3794A /* Pods_churabouUITests.framework */; };
		C9EC92802044538F007CD128 /* Config.swift in Sources */ = {isa = PBXBuildFile; fileRef = C9EC927F2044538F007CD128 /* Config.swift */; };
		C9EC92BC20446B30007CD128 /* GithubRequestType.swift in Sources */ = {isa = PBXBuildFile; fileRef = C9EC928720446B30007CD128 /* GithubRequestType.swift */; };
		C9EC92BD20446B30007CD128 /* GithubSession.swift in Sources */ = {isa = PBXBuildFile; fileRef = C9EC928820446B30007CD128 /* GithubSession.swift */; };
		C9EC92BE20446B30007CD128 /* OauthManager.swift in Sources */ = {isa = PBXBuildFile; fileRef = C9EC928920446B30007CD128 /* OauthManager.swift */; };
		C9EC92BF20446B30007CD128 /* GetEventRequest.swift in Sources */ = {isa = PBXBuildFile; fileRef = C9EC928B20446B30007CD128 /* GetEventRequest.swift */; };
		C9EC92C020446B30007CD128 /* GetRepositoryRequest.swift in Sources */ = {isa = PBXBuildFile; fileRef = C9EC928C20446B30007CD128 /* GetRepositoryRequest.swift */; };
		C9EC92C120446B30007CD128 /* GetUserRequest.swift in Sources */ = {isa = PBXBuildFile; fileRef = C9EC928D20446B30007CD128 /* GetUserRequest.swift */; };
		C9EC92C220446B30007CD128 /* PutTokenRequest.swift in Sources */ = {isa = PBXBuildFile; fileRef = C9EC928E20446B30007CD128 /* PutTokenRequest.swift */; };
		C9EC92C320446B30007CD128 /* Date+Extension.swift in Sources */ = {isa = PBXBuildFile; fileRef = C9EC929020446B30007CD128 /* Date+Extension.swift */; };
		C9EC92C420446B30007CD128 /* UIColor+Extension.swift in Sources */ = {isa = PBXBuildFile; fileRef = C9EC929120446B30007CD128 /* UIColor+Extension.swift */; };
		C9EC92C520446B30007CD128 /* UIImageView+Extension.swift in Sources */ = {isa = PBXBuildFile; fileRef = C9EC929220446B30007CD128 /* UIImageView+Extension.swift */; };
		C9EC92C620446B30007CD128 /* UITableView+Extension.swift in Sources */ = {isa = PBXBuildFile; fileRef = C9EC929320446B30007CD128 /* UITableView+Extension.swift */; };
		C9EC92C720446B30007CD128 /* Entry.swift in Sources */ = {isa = PBXBuildFile; fileRef = C9EC929520446B30007CD128 /* Entry.swift */; };
		C9EC92C820446B30007CD128 /* Event.swift in Sources */ = {isa = PBXBuildFile; fileRef = C9EC929620446B30007CD128 /* Event.swift */; };
		C9EC92C920446B30007CD128 /* Feed.swift in Sources */ = {isa = PBXBuildFile; fileRef = C9EC929720446B30007CD128 /* Feed.swift */; };
		C9EC92CA20446B30007CD128 /* Repository.swift in Sources */ = {isa = PBXBuildFile; fileRef = C9EC929820446B30007CD128 /* Repository.swift */; };
		C9EC92CB20446B30007CD128 /* User.swift in Sources */ = {isa = PBXBuildFile; fileRef = C9EC929920446B30007CD128 /* User.swift */; };
		C9EC92CC20446B30007CD128 /* NibLoadable.swift in Sources */ = {isa = PBXBuildFile; fileRef = C9EC929B20446B30007CD128 /* NibLoadable.swift */; };
		C9EC92CD20446B30007CD128 /* Reusable.swift in Sources */ = {isa = PBXBuildFile; fileRef = C9EC929C20446B30007CD128 /* Reusable.swift */; };
		C9EC92CE20446B30007CD128 /* AtomReader.swift in Sources */ = {isa = PBXBuildFile; fileRef = C9EC929E20446B30007CD128 /* AtomReader.swift */; };
		C9EC92CF20446B30007CD128 /* ErrorAlert.swift in Sources */ = {isa = PBXBuildFile; fileRef = C9EC929F20446B30007CD128 /* ErrorAlert.swift */; };
		C9EC92D020446B30007CD128 /* HUD.swift in Sources */ = {isa = PBXBuildFile; fileRef = C9EC92A020446B30007CD128 /* HUD.swift */; };
		C9EC92D120446B30007CD128 /* ActivityTableViewCell.swift in Sources */ = {isa = PBXBuildFile; fileRef = C9EC92A320446B30007CD128 /* ActivityTableViewCell.swift */; };
		C9EC92D220446B30007CD128 /* ActivityTableViewCell.xib in Resources */ = {isa = PBXBuildFile; fileRef = C9EC92A420446B30007CD128 /* ActivityTableViewCell.xib */; };
		C9EC92D320446B30007CD128 /* ActivityEventController.swift in Sources */ = {isa = PBXBuildFile; fileRef = C9EC92A620446B30007CD128 /* ActivityEventController.swift */; };
		C9EC92D420446B30007CD128 /* ActivityEventView.swift in Sources */ = {isa = PBXBuildFile; fileRef = C9EC92A720446B30007CD128 /* ActivityEventView.swift */; };
		C9EC92D520446B30007CD128 /* ActivityEventViewModel.swift in Sources */ = {isa = PBXBuildFile; fileRef = C9EC92A820446B30007CD128 /* ActivityEventViewModel.swift */; };
		C9EC92D620446B30007CD128 /* ActivityFeedView.swift in Sources */ = {isa = PBXBuildFile; fileRef = C9EC92AA20446B30007CD128 /* ActivityFeedView.swift */; };
		C9EC92D720446B30007CD128 /* ActivityFeedViewController.swift in Sources */ = {isa = PBXBuildFile; fileRef = C9EC92AB20446B30007CD128 /* ActivityFeedViewController.swift */; };
		C9EC92D820446B30007CD128 /* ActivityFeedViewModel.swift in Sources */ = {isa = PBXBuildFile; fileRef = C9EC92AC20446B30007CD128 /* ActivityFeedViewModel.swift */; };
		C9EC92D920446B30007CD128 /* ContainerController.swift in Sources */ = {isa = PBXBuildFile; fileRef = C9EC92AD20446B30007CD128 /* ContainerController.swift */; };
		C9EC92DA20446B30007CD128 /* LoginUserController.swift in Sources */ = {isa = PBXBuildFile; fileRef = C9EC92AF20446B30007CD128 /* LoginUserController.swift */; };
		C9EC92DB20446B30007CD128 /* LoginViewController.swift in Sources */ = {isa = PBXBuildFile; fileRef = C9EC92B020446B30007CD128 /* LoginViewController.swift */; };
		C9EC92DC20446B30007CD128 /* MainController.swift in Sources */ = {isa = PBXBuildFile; fileRef = C9EC92B120446B30007CD128 /* MainController.swift */; };
		C9EC92DD20446B30007CD128 /* ProfileViewController.swift in Sources */ = {isa = PBXBuildFile; fileRef = C9EC92B320446B30007CD128 /* ProfileViewController.swift */; };
		C9EC92DE20446B30007CD128 /* ProfileViewModel.swift in Sources */ = {isa = PBXBuildFile; fileRef = C9EC92B420446B30007CD128 /* ProfileViewModel.swift */; };
		C9EC92DF20446B30007CD128 /* RepositoryTableViewCell.swift in Sources */ = {isa = PBXBuildFile; fileRef = C9EC92B620446B30007CD128 /* RepositoryTableViewCell.swift */; };
		C9EC92E020446B30007CD128 /* RepositoryTableViewCell.xib in Resources */ = {isa = PBXBuildFile; fileRef = C9EC92B720446B30007CD128 /* RepositoryTableViewCell.xib */; };
		C9EC92E120446B30007CD128 /* RLController.swift in Sources */ = {isa = PBXBuildFile; fileRef = C9EC92B820446B30007CD128 /* RLController.swift */; };
		C9EC92E220446B30007CD128 /* RLView.swift in Sources */ = {isa = PBXBuildFile; fileRef = C9EC92B920446B30007CD128 /* RLView.swift */; };
		C9EC92E320446B30007CD128 /* RLViewModel.swift in Sources */ = {isa = PBXBuildFile; fileRef = C9EC92BA20446B30007CD128 /* RLViewModel.swift */; };
		C9EC92E420446B30007CD128 /* SideMenuController.swift in Sources */ = {isa = PBXBuildFile; fileRef = C9EC92BB20446B30007CD128 /* SideMenuController.swift */; };
		C9F672852036534A00CF2A8A /* AppDelegate.swift in Sources */ = {isa = PBXBuildFile; fileRef = C9F672842036534A00CF2A8A /* AppDelegate.swift */; };
		C9F672872036534A00CF2A8A /* ViewController.swift in Sources */ = {isa = PBXBuildFile; fileRef = C9F672862036534A00CF2A8A /* ViewController.swift */; };
		C9F6728A2036534A00CF2A8A /* Main.storyboard in Resources */ = {isa = PBXBuildFile; fileRef = C9F672882036534A00CF2A8A /* Main.storyboard */; };
		C9F6728C2036534A00CF2A8A /* Assets.xcassets in Resources */ = {isa = PBXBuildFile; fileRef = C9F6728B2036534A00CF2A8A /* Assets.xcassets */; };
		C9F6728F2036534A00CF2A8A /* LaunchScreen.storyboard in Resources */ = {isa = PBXBuildFile; fileRef = C9F6728D2036534A00CF2A8A /* LaunchScreen.storyboard */; };
		C9F6729A2036534A00CF2A8A /* churabouTests.swift in Sources */ = {isa = PBXBuildFile; fileRef = C9F672992036534A00CF2A8A /* churabouTests.swift */; };
		C9F672A52036534A00CF2A8A /* churabouUITests.swift in Sources */ = {isa = PBXBuildFile; fileRef = C9F672A42036534A00CF2A8A /* churabouUITests.swift */; };
		DAB4E6FB99955E04D841CC6E /* Pods_churabou.framework in Frameworks */ = {isa = PBXBuildFile; fileRef = 92EAFAE8F35DBA9D4E0759F4 /* Pods_churabou.framework */; };
		DB8F10B2C029D50668453B53 /* Pods_churabouTests.framework in Frameworks */ = {isa = PBXBuildFile; fileRef = 580745E4718C2EB3D4DB162E /* Pods_churabouTests.framework */; };
/* End PBXBuildFile section */

/* Begin PBXContainerItemProxy section */
		C9F672962036534A00CF2A8A /* PBXContainerItemProxy */ = {
			isa = PBXContainerItemProxy;
			containerPortal = C9F672792036534A00CF2A8A /* Project object */;
			proxyType = 1;
			remoteGlobalIDString = C9F672802036534A00CF2A8A;
			remoteInfo = churabou;
		};
		C9F672A12036534A00CF2A8A /* PBXContainerItemProxy */ = {
			isa = PBXContainerItemProxy;
			containerPortal = C9F672792036534A00CF2A8A /* Project object */;
			proxyType = 1;
			remoteGlobalIDString = C9F672802036534A00CF2A8A;
			remoteInfo = churabou;
		};
/* End PBXContainerItemProxy section */

/* Begin PBXFileReference section */
		06D1ED86BE96B8E940AE7C9E /* Pods-churabou.debug.xcconfig */ = {isa = PBXFileReference; includeInIndex = 1; lastKnownFileType = text.xcconfig; name = "Pods-churabou.debug.xcconfig"; path = "Pods/Target Support Files/Pods-churabou/Pods-churabou.debug.xcconfig"; sourceTree = "<group>"; };
		0A860A5B970DB2A2FC7D0A3D /* Pods-churabouTests.debug.xcconfig */ = {isa = PBXFileReference; includeInIndex = 1; lastKnownFileType = text.xcconfig; name = "Pods-churabouTests.debug.xcconfig"; path = "Pods/Target Support Files/Pods-churabouTests/Pods-churabouTests.debug.xcconfig"; sourceTree = "<group>"; };
		1002E0E9AC5450D69A87C2AE /* Pods-churabouTests.release.xcconfig */ = {isa = PBXFileReference; includeInIndex = 1; lastKnownFileType = text.xcconfig; name = "Pods-churabouTests.release.xcconfig"; path = "Pods/Target Support Files/Pods-churabouTests/Pods-churabouTests.release.xcconfig"; sourceTree = "<group>"; };
		154DF823E099F349EDC3794A /* Pods_churabouUITests.framework */ = {isa = PBXFileReference; explicitFileType = wrapper.framework; includeInIndex = 0; path = Pods_churabouUITests.framework; sourceTree = BUILT_PRODUCTS_DIR; };
		392630964E44206321AB2531 /* Pods-churabou.release.xcconfig */ = {isa = PBXFileReference; includeInIndex = 1; lastKnownFileType = text.xcconfig; name = "Pods-churabou.release.xcconfig"; path = "Pods/Target Support Files/Pods-churabou/Pods-churabou.release.xcconfig"; sourceTree = "<group>"; };
		580745E4718C2EB3D4DB162E /* Pods_churabouTests.framework */ = {isa = PBXFileReference; explicitFileType = wrapper.framework; includeInIndex = 0; path = Pods_churabouTests.framework; sourceTree = BUILT_PRODUCTS_DIR; };
		8A9D6ED293B28953ED45B664 /* Pods-churabouUITests.release.xcconfig */ = {isa = PBXFileReference; includeInIndex = 1; lastKnownFileType = text.xcconfig; name = "Pods-churabouUITests.release.xcconfig"; path = "Pods/Target Support Files/Pods-churabouUITests/Pods-churabouUITests.release.xcconfig"; sourceTree = "<group>"; };
		92EAFAE8F35DBA9D4E0759F4 /* Pods_churabou.framework */ = {isa = PBXFileReference; explicitFileType = wrapper.framework; includeInIndex = 0; path = Pods_churabou.framework; sourceTree = BUILT_PRODUCTS_DIR; };
		C5B4DCDA97D3AFE1584290B3 /* Pods-churabouUITests.debug.xcconfig */ = {isa = PBXFileReference; includeInIndex = 1; lastKnownFileType = text.xcconfig; name = "Pods-churabouUITests.debug.xcconfig"; path = "Pods/Target Support Files/Pods-churabouUITests/Pods-churabouUITests.debug.xcconfig"; sourceTree = "<group>"; };
		C9EC927F2044538F007CD128 /* Config.swift */ = {isa = PBXFileReference; lastKnownFileType = sourcecode.swift; path = Config.swift; sourceTree = "<group>"; };
		C9EC928720446B30007CD128 /* GithubRequestType.swift */ = {isa = PBXFileReference; fileEncoding = 4; lastKnownFileType = sourcecode.swift; path = GithubRequestType.swift; sourceTree = "<group>"; };
		C9EC928820446B30007CD128 /* GithubSession.swift */ = {isa = PBXFileReference; fileEncoding = 4; lastKnownFileType = sourcecode.swift; path = GithubSession.swift; sourceTree = "<group>"; };
		C9EC928920446B30007CD128 /* OauthManager.swift */ = {isa = PBXFileReference; fileEncoding = 4; lastKnownFileType = sourcecode.swift; path = OauthManager.swift; sourceTree = "<group>"; };
		C9EC928B20446B30007CD128 /* GetEventRequest.swift */ = {isa = PBXFileReference; fileEncoding = 4; lastKnownFileType = sourcecode.swift; path = GetEventRequest.swift; sourceTree = "<group>"; };
		C9EC928C20446B30007CD128 /* GetRepositoryRequest.swift */ = {isa = PBXFileReference; fileEncoding = 4; lastKnownFileType = sourcecode.swift; path = GetRepositoryRequest.swift; sourceTree = "<group>"; };
		C9EC928D20446B30007CD128 /* GetUserRequest.swift */ = {isa = PBXFileReference; fileEncoding = 4; lastKnownFileType = sourcecode.swift; path = GetUserRequest.swift; sourceTree = "<group>"; };
		C9EC928E20446B30007CD128 /* PutTokenRequest.swift */ = {isa = PBXFileReference; fileEncoding = 4; lastKnownFileType = sourcecode.swift; path = PutTokenRequest.swift; sourceTree = "<group>"; };
		C9EC929020446B30007CD128 /* Date+Extension.swift */ = {isa = PBXFileReference; fileEncoding = 4; lastKnownFileType = sourcecode.swift; path = "Date+Extension.swift"; sourceTree = "<group>"; };
		C9EC929120446B30007CD128 /* UIColor+Extension.swift */ = {isa = PBXFileReference; fileEncoding = 4; lastKnownFileType = sourcecode.swift; path = "UIColor+Extension.swift"; sourceTree = "<group>"; };
		C9EC929220446B30007CD128 /* UIImageView+Extension.swift */ = {isa = PBXFileReference; fileEncoding = 4; lastKnownFileType = sourcecode.swift; path = "UIImageView+Extension.swift"; sourceTree = "<group>"; };
		C9EC929320446B30007CD128 /* UITableView+Extension.swift */ = {isa = PBXFileReference; fileEncoding = 4; lastKnownFileType = sourcecode.swift; path = "UITableView+Extension.swift"; sourceTree = "<group>"; };
		C9EC929520446B30007CD128 /* Entry.swift */ = {isa = PBXFileReference; fileEncoding = 4; lastKnownFileType = sourcecode.swift; path = Entry.swift; sourceTree = "<group>"; };
		C9EC929620446B30007CD128 /* Event.swift */ = {isa = PBXFileReference; fileEncoding = 4; lastKnownFileType = sourcecode.swift; path = Event.swift; sourceTree = "<group>"; };
		C9EC929720446B30007CD128 /* Feed.swift */ = {isa = PBXFileReference; fileEncoding = 4; lastKnownFileType = sourcecode.swift; path = Feed.swift; sourceTree = "<group>"; };
		C9EC929820446B30007CD128 /* Repository.swift */ = {isa = PBXFileReference; fileEncoding = 4; lastKnownFileType = sourcecode.swift; path = Repository.swift; sourceTree = "<group>"; };
		C9EC929920446B30007CD128 /* User.swift */ = {isa = PBXFileReference; fileEncoding = 4; lastKnownFileType = sourcecode.swift; path = User.swift; sourceTree = "<group>"; };
		C9EC929B20446B30007CD128 /* NibLoadable.swift */ = {isa = PBXFileReference; fileEncoding = 4; lastKnownFileType = sourcecode.swift; path = NibLoadable.swift; sourceTree = "<group>"; };
		C9EC929C20446B30007CD128 /* Reusable.swift */ = {isa = PBXFileReference; fileEncoding = 4; lastKnownFileType = sourcecode.swift; path = Reusable.swift; sourceTree = "<group>"; };
		C9EC929E20446B30007CD128 /* AtomReader.swift */ = {isa = PBXFileReference; fileEncoding = 4; lastKnownFileType = sourcecode.swift; path = AtomReader.swift; sourceTree = "<group>"; };
		C9EC929F20446B30007CD128 /* ErrorAlert.swift */ = {isa = PBXFileReference; fileEncoding = 4; lastKnownFileType = sourcecode.swift; path = ErrorAlert.swift; sourceTree = "<group>"; };
		C9EC92A020446B30007CD128 /* HUD.swift */ = {isa = PBXFileReference; fileEncoding = 4; lastKnownFileType = sourcecode.swift; path = HUD.swift; sourceTree = "<group>"; };
		C9EC92A320446B30007CD128 /* ActivityTableViewCell.swift */ = {isa = PBXFileReference; fileEncoding = 4; lastKnownFileType = sourcecode.swift; path = ActivityTableViewCell.swift; sourceTree = "<group>"; };
		C9EC92A420446B30007CD128 /* ActivityTableViewCell.xib */ = {isa = PBXFileReference; fileEncoding = 4; lastKnownFileType = file.xib; path = ActivityTableViewCell.xib; sourceTree = "<group>"; };
		C9EC92A620446B30007CD128 /* ActivityEventController.swift */ = {isa = PBXFileReference; fileEncoding = 4; lastKnownFileType = sourcecode.swift; path = ActivityEventController.swift; sourceTree = "<group>"; };
		C9EC92A720446B30007CD128 /* ActivityEventView.swift */ = {isa = PBXFileReference; fileEncoding = 4; lastKnownFileType = sourcecode.swift; path = ActivityEventView.swift; sourceTree = "<group>"; };
		C9EC92A820446B30007CD128 /* ActivityEventViewModel.swift */ = {isa = PBXFileReference; fileEncoding = 4; lastKnownFileType = sourcecode.swift; path = ActivityEventViewModel.swift; sourceTree = "<group>"; };
		C9EC92AA20446B30007CD128 /* ActivityFeedView.swift */ = {isa = PBXFileReference; fileEncoding = 4; lastKnownFileType = sourcecode.swift; path = ActivityFeedView.swift; sourceTree = "<group>"; };
		C9EC92AB20446B30007CD128 /* ActivityFeedViewController.swift */ = {isa = PBXFileReference; fileEncoding = 4; lastKnownFileType = sourcecode.swift; path = ActivityFeedViewController.swift; sourceTree = "<group>"; };
		C9EC92AC20446B30007CD128 /* ActivityFeedViewModel.swift */ = {isa = PBXFileReference; fileEncoding = 4; lastKnownFileType = sourcecode.swift; path = ActivityFeedViewModel.swift; sourceTree = "<group>"; };
		C9EC92AD20446B30007CD128 /* ContainerController.swift */ = {isa = PBXFileReference; fileEncoding = 4; lastKnownFileType = sourcecode.swift; path = ContainerController.swift; sourceTree = "<group>"; };
		C9EC92AF20446B30007CD128 /* LoginUserController.swift */ = {isa = PBXFileReference; fileEncoding = 4; lastKnownFileType = sourcecode.swift; path = LoginUserController.swift; sourceTree = "<group>"; };
		C9EC92B020446B30007CD128 /* LoginViewController.swift */ = {isa = PBXFileReference; fileEncoding = 4; lastKnownFileType = sourcecode.swift; path = LoginViewController.swift; sourceTree = "<group>"; };
		C9EC92B120446B30007CD128 /* MainController.swift */ = {isa = PBXFileReference; fileEncoding = 4; lastKnownFileType = sourcecode.swift; path = MainController.swift; sourceTree = "<group>"; };
		C9EC92B320446B30007CD128 /* ProfileViewController.swift */ = {isa = PBXFileReference; fileEncoding = 4; lastKnownFileType = sourcecode.swift; path = ProfileViewController.swift; sourceTree = "<group>"; };
		C9EC92B420446B30007CD128 /* ProfileViewModel.swift */ = {isa = PBXFileReference; fileEncoding = 4; lastKnownFileType = sourcecode.swift; path = ProfileViewModel.swift; sourceTree = "<group>"; };
		C9EC92B620446B30007CD128 /* RepositoryTableViewCell.swift */ = {isa = PBXFileReference; fileEncoding = 4; lastKnownFileType = sourcecode.swift; path = RepositoryTableViewCell.swift; sourceTree = "<group>"; };
		C9EC92B720446B30007CD128 /* RepositoryTableViewCell.xib */ = {isa = PBXFileReference; fileEncoding = 4; lastKnownFileType = file.xib; path = RepositoryTableViewCell.xib; sourceTree = "<group>"; };
		C9EC92B820446B30007CD128 /* RLController.swift */ = {isa = PBXFileReference; fileEncoding = 4; lastKnownFileType = sourcecode.swift; path = RLController.swift; sourceTree = "<group>"; };
		C9EC92B920446B30007CD128 /* RLView.swift */ = {isa = PBXFileReference; fileEncoding = 4; lastKnownFileType = sourcecode.swift; path = RLView.swift; sourceTree = "<group>"; };
		C9EC92BA20446B30007CD128 /* RLViewModel.swift */ = {isa = PBXFileReference; fileEncoding = 4; lastKnownFileType = sourcecode.swift; path = RLViewModel.swift; sourceTree = "<group>"; };
		C9EC92BB20446B30007CD128 /* SideMenuController.swift */ = {isa = PBXFileReference; fileEncoding = 4; lastKnownFileType = sourcecode.swift; path = SideMenuController.swift; sourceTree = "<group>"; };
		C9F672812036534A00CF2A8A /* churabou.app */ = {isa = PBXFileReference; explicitFileType = wrapper.application; includeInIndex = 0; path = churabou.app; sourceTree = BUILT_PRODUCTS_DIR; };
		C9F672842036534A00CF2A8A /* AppDelegate.swift */ = {isa = PBXFileReference; lastKnownFileType = sourcecode.swift; path = AppDelegate.swift; sourceTree = "<group>"; };
		C9F672862036534A00CF2A8A /* ViewController.swift */ = {isa = PBXFileReference; lastKnownFileType = sourcecode.swift; path = ViewController.swift; sourceTree = "<group>"; };
		C9F672892036534A00CF2A8A /* Base */ = {isa = PBXFileReference; lastKnownFileType = file.storyboard; name = Base; path = Base.lproj/Main.storyboard; sourceTree = "<group>"; };
		C9F6728B2036534A00CF2A8A /* Assets.xcassets */ = {isa = PBXFileReference; lastKnownFileType = folder.assetcatalog; path = Assets.xcassets; sourceTree = "<group>"; };
		C9F6728E2036534A00CF2A8A /* Base */ = {isa = PBXFileReference; lastKnownFileType = file.storyboard; name = Base; path = Base.lproj/LaunchScreen.storyboard; sourceTree = "<group>"; };
		C9F672902036534A00CF2A8A /* Info.plist */ = {isa = PBXFileReference; lastKnownFileType = text.plist.xml; path = Info.plist; sourceTree = "<group>"; };
		C9F672952036534A00CF2A8A /* churabouTests.xctest */ = {isa = PBXFileReference; explicitFileType = wrapper.cfbundle; includeInIndex = 0; path = churabouTests.xctest; sourceTree = BUILT_PRODUCTS_DIR; };
		C9F672992036534A00CF2A8A /* churabouTests.swift */ = {isa = PBXFileReference; lastKnownFileType = sourcecode.swift; path = churabouTests.swift; sourceTree = "<group>"; };
		C9F6729B2036534A00CF2A8A /* Info.plist */ = {isa = PBXFileReference; lastKnownFileType = text.plist.xml; path = Info.plist; sourceTree = "<group>"; };
		C9F672A02036534A00CF2A8A /* churabouUITests.xctest */ = {isa = PBXFileReference; explicitFileType = wrapper.cfbundle; includeInIndex = 0; path = churabouUITests.xctest; sourceTree = BUILT_PRODUCTS_DIR; };
		C9F672A42036534A00CF2A8A /* churabouUITests.swift */ = {isa = PBXFileReference; lastKnownFileType = sourcecode.swift; path = churabouUITests.swift; sourceTree = "<group>"; };
		C9F672A62036534A00CF2A8A /* Info.plist */ = {isa = PBXFileReference; lastKnownFileType = text.plist.xml; path = Info.plist; sourceTree = "<group>"; };
/* End PBXFileReference section */

/* Begin PBXFrameworksBuildPhase section */
		C9F6727E2036534A00CF2A8A /* Frameworks */ = {
			isa = PBXFrameworksBuildPhase;
			buildActionMask = 2147483647;
			files = (
				DAB4E6FB99955E04D841CC6E /* Pods_churabou.framework in Frameworks */,
			);
			runOnlyForDeploymentPostprocessing = 0;
		};
		C9F672922036534A00CF2A8A /* Frameworks */ = {
			isa = PBXFrameworksBuildPhase;
			buildActionMask = 2147483647;
			files = (
				DB8F10B2C029D50668453B53 /* Pods_churabouTests.framework in Frameworks */,
			);
			runOnlyForDeploymentPostprocessing = 0;
		};
		C9F6729D2036534A00CF2A8A /* Frameworks */ = {
			isa = PBXFrameworksBuildPhase;
			buildActionMask = 2147483647;
			files = (
				43A51CE679CDCDB099C5D11A /* Pods_churabouUITests.framework in Frameworks */,
			);
			runOnlyForDeploymentPostprocessing = 0;
		};
/* End PBXFrameworksBuildPhase section */

/* Begin PBXGroup section */
		A47A83B0F9245A7539FA0CDC /* Frameworks */ = {
			isa = PBXGroup;
			children = (
				92EAFAE8F35DBA9D4E0759F4 /* Pods_churabou.framework */,
				580745E4718C2EB3D4DB162E /* Pods_churabouTests.framework */,
				154DF823E099F349EDC3794A /* Pods_churabouUITests.framework */,
			);
			name = Frameworks;
			sourceTree = "<group>";
		};
		C9EC928520446B30007CD128 /* class */ = {
			isa = PBXGroup;
			children = (
				C9EC928620446B30007CD128 /* APIClient */,
				C9EC928F20446B30007CD128 /* Extensions */,
				C9EC929420446B30007CD128 /* Models */,
				C9EC929A20446B30007CD128 /* Protocols */,
				C9EC929D20446B30007CD128 /* Utility */,
				C9EC92A120446B30007CD128 /* Views */,
			);
			path = class;
			sourceTree = SOURCE_ROOT;
		};
		C9EC928620446B30007CD128 /* APIClient */ = {
			isa = PBXGroup;
			children = (
				C9EC928720446B30007CD128 /* GithubRequestType.swift */,
				C9EC928820446B30007CD128 /* GithubSession.swift */,
				C9EC928920446B30007CD128 /* OauthManager.swift */,
				C9EC928A20446B30007CD128 /* Request */,
			);
			path = APIClient;
			sourceTree = "<group>";
		};
		C9EC928A20446B30007CD128 /* Request */ = {
			isa = PBXGroup;
			children = (
				C9EC928B20446B30007CD128 /* GetEventRequest.swift */,
				C9EC928C20446B30007CD128 /* GetRepositoryRequest.swift */,
				C9EC928D20446B30007CD128 /* GetUserRequest.swift */,
				C9EC928E20446B30007CD128 /* PutTokenRequest.swift */,
			);
			path = Request;
			sourceTree = "<group>";
		};
		C9EC928F20446B30007CD128 /* Extensions */ = {
			isa = PBXGroup;
			children = (
				C9EC929020446B30007CD128 /* Date+Extension.swift */,
				C9EC929120446B30007CD128 /* UIColor+Extension.swift */,
				C9EC929220446B30007CD128 /* UIImageView+Extension.swift */,
				C9EC929320446B30007CD128 /* UITableView+Extension.swift */,
			);
			path = Extensions;
			sourceTree = "<group>";
		};
		C9EC929420446B30007CD128 /* Models */ = {
			isa = PBXGroup;
			children = (
				C9EC929520446B30007CD128 /* Entry.swift */,
				C9EC929620446B30007CD128 /* Event.swift */,
				C9EC929720446B30007CD128 /* Feed.swift */,
				C9EC929820446B30007CD128 /* Repository.swift */,
				C9EC929920446B30007CD128 /* User.swift */,
			);
			path = Models;
			sourceTree = "<group>";
		};
		C9EC929A20446B30007CD128 /* Protocols */ = {
			isa = PBXGroup;
			children = (
				C9EC929B20446B30007CD128 /* NibLoadable.swift */,
				C9EC929C20446B30007CD128 /* Reusable.swift */,
			);
			path = Protocols;
			sourceTree = "<group>";
		};
		C9EC929D20446B30007CD128 /* Utility */ = {
			isa = PBXGroup;
			children = (
				C9EC929E20446B30007CD128 /* AtomReader.swift */,
				C9EC929F20446B30007CD128 /* ErrorAlert.swift */,
				C9EC92A020446B30007CD128 /* HUD.swift */,
			);
			path = Utility;
			sourceTree = "<group>";
		};
		C9EC92A120446B30007CD128 /* Views */ = {
			isa = PBXGroup;
			children = (
				C9EC92B120446B30007CD128 /* MainController.swift */,
				C9EC92BB20446B30007CD128 /* SideMenuController.swift */,
				C9EC92AD20446B30007CD128 /* ContainerController.swift */,
				C9EC92A220446B30007CD128 /* Activity */,
				C9EC92AE20446B30007CD128 /* Login */,
				C9EC92B220446B30007CD128 /* Profile */,
				C9EC92B520446B30007CD128 /* RepositoryList */,
			);
			path = Views;
			sourceTree = "<group>";
		};
		C9EC92A220446B30007CD128 /* Activity */ = {
			isa = PBXGroup;
			children = (
				C9EC92A320446B30007CD128 /* ActivityTableViewCell.swift */,
				C9EC92A420446B30007CD128 /* ActivityTableViewCell.xib */,
				C9EC92A520446B30007CD128 /* Event */,
				C9EC92A920446B30007CD128 /* Feed */,
			);
			path = Activity;
			sourceTree = "<group>";
		};
		C9EC92A520446B30007CD128 /* Event */ = {
			isa = PBXGroup;
			children = (
				C9EC92A620446B30007CD128 /* ActivityEventController.swift */,
				C9EC92A720446B30007CD128 /* ActivityEventView.swift */,
				C9EC92A820446B30007CD128 /* ActivityEventViewModel.swift */,
			);
			path = Event;
			sourceTree = "<group>";
		};
		C9EC92A920446B30007CD128 /* Feed */ = {
			isa = PBXGroup;
			children = (
				C9EC92AA20446B30007CD128 /* ActivityFeedView.swift */,
				C9EC92AB20446B30007CD128 /* ActivityFeedViewController.swift */,
				C9EC92AC20446B30007CD128 /* ActivityFeedViewModel.swift */,
			);
			path = Feed;
			sourceTree = "<group>";
		};
		C9EC92AE20446B30007CD128 /* Login */ = {
			isa = PBXGroup;
			children = (
				C9EC92AF20446B30007CD128 /* LoginUserController.swift */,
				C9EC92B020446B30007CD128 /* LoginViewController.swift */,
			);
			path = Login;
			sourceTree = "<group>";
		};
		C9EC92B220446B30007CD128 /* Profile */ = {
			isa = PBXGroup;
			children = (
				C9EC92B320446B30007CD128 /* ProfileViewController.swift */,
				C9EC92B420446B30007CD128 /* ProfileViewModel.swift */,
			);
			path = Profile;
			sourceTree = "<group>";
		};
		C9EC92B520446B30007CD128 /* RepositoryList */ = {
			isa = PBXGroup;
			children = (
				C9EC92B620446B30007CD128 /* RepositoryTableViewCell.swift */,
				C9EC92B720446B30007CD128 /* RepositoryTableViewCell.xib */,
				C9EC92B820446B30007CD128 /* RLController.swift */,
				C9EC92B920446B30007CD128 /* RLView.swift */,
				C9EC92BA20446B30007CD128 /* RLViewModel.swift */,
			);
			path = RepositoryList;
			sourceTree = "<group>";
		};
		C9F672782036534A00CF2A8A = {
			isa = PBXGroup;
			children = (
				C9EC928520446B30007CD128 /* class */,
				C9F672832036534A00CF2A8A /* churabou */,
				C9F672982036534A00CF2A8A /* churabouTests */,
				C9F672A32036534A00CF2A8A /* churabouUITests */,
				C9F672822036534A00CF2A8A /* Products */,
				D2BBADDD3B37BEEE056E0BDB /* Pods */,
				A47A83B0F9245A7539FA0CDC /* Frameworks */,
			);
			sourceTree = "<group>";
		};
		C9F672822036534A00CF2A8A /* Products */ = {
			isa = PBXGroup;
			children = (
				C9F672812036534A00CF2A8A /* churabou.app */,
				C9F672952036534A00CF2A8A /* churabouTests.xctest */,
				C9F672A02036534A00CF2A8A /* churabouUITests.xctest */,
			);
			name = Products;
			sourceTree = "<group>";
		};
		C9F672832036534A00CF2A8A /* churabou */ = {
			isa = PBXGroup;
			children = (
				C9F672842036534A00CF2A8A /* AppDelegate.swift */,
				C9F672862036534A00CF2A8A /* ViewController.swift */,
				C9EC927F2044538F007CD128 /* Config.swift */,
				C9F672882036534A00CF2A8A /* Main.storyboard */,
				C9F6728B2036534A00CF2A8A /* Assets.xcassets */,
				C9F6728D2036534A00CF2A8A /* LaunchScreen.storyboard */,
				C9F672902036534A00CF2A8A /* Info.plist */,
			);
			path = churabou;
			sourceTree = "<group>";
		};
		C9F672982036534A00CF2A8A /* churabouTests */ = {
			isa = PBXGroup;
			children = (
				C9F672992036534A00CF2A8A /* churabouTests.swift */,
				C9F6729B2036534A00CF2A8A /* Info.plist */,
			);
			path = churabouTests;
			sourceTree = "<group>";
		};
		C9F672A32036534A00CF2A8A /* churabouUITests */ = {
			isa = PBXGroup;
			children = (
				C9F672A42036534A00CF2A8A /* churabouUITests.swift */,
				C9F672A62036534A00CF2A8A /* Info.plist */,
			);
			path = churabouUITests;
			sourceTree = "<group>";
		};
		D2BBADDD3B37BEEE056E0BDB /* Pods */ = {
			isa = PBXGroup;
			children = (
				06D1ED86BE96B8E940AE7C9E /* Pods-churabou.debug.xcconfig */,
				392630964E44206321AB2531 /* Pods-churabou.release.xcconfig */,
				0A860A5B970DB2A2FC7D0A3D /* Pods-churabouTests.debug.xcconfig */,
				1002E0E9AC5450D69A87C2AE /* Pods-churabouTests.release.xcconfig */,
				C5B4DCDA97D3AFE1584290B3 /* Pods-churabouUITests.debug.xcconfig */,
				8A9D6ED293B28953ED45B664 /* Pods-churabouUITests.release.xcconfig */,
			);
			name = Pods;
			sourceTree = "<group>";
		};
/* End PBXGroup section */

/* Begin PBXNativeTarget section */
		C9F672802036534A00CF2A8A /* churabou */ = {
			isa = PBXNativeTarget;
			buildConfigurationList = C9F672A92036534A00CF2A8A /* Build configuration list for PBXNativeTarget "churabou" */;
			buildPhases = (
				41E75D8FED7E4E5DFC6A9EED /* [CP] Check Pods Manifest.lock */,
				C9F6727D2036534A00CF2A8A /* Sources */,
				C9F6727E2036534A00CF2A8A /* Frameworks */,
				C9F6727F2036534A00CF2A8A /* Resources */,
				58492ABC67E80D99EF4EABC5 /* [CP] Embed Pods Frameworks */,
				475E3D844C3585183777419C /* [CP] Copy Pods Resources */,
			);
			buildRules = (
			);
			dependencies = (
			);
			name = churabou;
			productName = churabou;
			productReference = C9F672812036534A00CF2A8A /* churabou.app */;
			productType = "com.apple.product-type.application";
		};
		C9F672942036534A00CF2A8A /* churabouTests */ = {
			isa = PBXNativeTarget;
			buildConfigurationList = C9F672AC2036534A00CF2A8A /* Build configuration list for PBXNativeTarget "churabouTests" */;
			buildPhases = (
				DEB9A436068AE9D0E1BD768B /* [CP] Check Pods Manifest.lock */,
				C9F672912036534A00CF2A8A /* Sources */,
				C9F672922036534A00CF2A8A /* Frameworks */,
				C9F672932036534A00CF2A8A /* Resources */,
				DF8C87C0CF323B48BB640E47 /* [CP] Embed Pods Frameworks */,
				AE9B1C17E03852496DC89F2C /* [CP] Copy Pods Resources */,
			);
			buildRules = (
			);
			dependencies = (
				C9F672972036534A00CF2A8A /* PBXTargetDependency */,
			);
			name = churabouTests;
			productName = churabouTests;
			productReference = C9F672952036534A00CF2A8A /* churabouTests.xctest */;
			productType = "com.apple.product-type.bundle.unit-test";
		};
		C9F6729F2036534A00CF2A8A /* churabouUITests */ = {
			isa = PBXNativeTarget;
			buildConfigurationList = C9F672AF2036534A00CF2A8A /* Build configuration list for PBXNativeTarget "churabouUITests" */;
			buildPhases = (
				1E741C24AF5DE3348A36C1F5 /* [CP] Check Pods Manifest.lock */,
				C9F6729C2036534A00CF2A8A /* Sources */,
				C9F6729D2036534A00CF2A8A /* Frameworks */,
				C9F6729E2036534A00CF2A8A /* Resources */,
				148308927E5B0D9ABBDBD66F /* [CP] Embed Pods Frameworks */,
				533DB9AFCB4C7A85FD3B3827 /* [CP] Copy Pods Resources */,
			);
			buildRules = (
			);
			dependencies = (
				C9F672A22036534A00CF2A8A /* PBXTargetDependency */,
			);
			name = churabouUITests;
			productName = churabouUITests;
			productReference = C9F672A02036534A00CF2A8A /* churabouUITests.xctest */;
			productType = "com.apple.product-type.bundle.ui-testing";
		};
/* End PBXNativeTarget section */

/* Begin PBXProject section */
		C9F672792036534A00CF2A8A /* Project object */ = {
			isa = PBXProject;
			attributes = {
				LastSwiftUpdateCheck = 0920;
				LastUpgradeCheck = 0920;
				ORGANIZATIONNAME = "ちゅーたつ";
				TargetAttributes = {
					C9F672802036534A00CF2A8A = {
						CreatedOnToolsVersion = 9.2;
						ProvisioningStyle = Automatic;
					};
					C9F672942036534A00CF2A8A = {
						CreatedOnToolsVersion = 9.2;
						ProvisioningStyle = Automatic;
						TestTargetID = C9F672802036534A00CF2A8A;
					};
					C9F6729F2036534A00CF2A8A = {
						CreatedOnToolsVersion = 9.2;
						ProvisioningStyle = Automatic;
						TestTargetID = C9F672802036534A00CF2A8A;
					};
				};
			};
			buildConfigurationList = C9F6727C2036534A00CF2A8A /* Build configuration list for PBXProject "churabou" */;
			compatibilityVersion = "Xcode 8.0";
			developmentRegion = en;
			hasScannedForEncodings = 0;
			knownRegions = (
				en,
				Base,
			);
			mainGroup = C9F672782036534A00CF2A8A;
			productRefGroup = C9F672822036534A00CF2A8A /* Products */;
			projectDirPath = "";
			projectRoot = "";
			targets = (
				C9F672802036534A00CF2A8A /* churabou */,
				C9F672942036534A00CF2A8A /* churabouTests */,
				C9F6729F2036534A00CF2A8A /* churabouUITests */,
			);
		};
/* End PBXProject section */

/* Begin PBXResourcesBuildPhase section */
		C9F6727F2036534A00CF2A8A /* Resources */ = {
			isa = PBXResourcesBuildPhase;
			buildActionMask = 2147483647;
			files = (
				C9EC92E020446B30007CD128 /* RepositoryTableViewCell.xib in Resources */,
				C9F6728F2036534A00CF2A8A /* LaunchScreen.storyboard in Resources */,
				C9F6728C2036534A00CF2A8A /* Assets.xcassets in Resources */,
				C9EC92D220446B30007CD128 /* ActivityTableViewCell.xib in Resources */,
				C9F6728A2036534A00CF2A8A /* Main.storyboard in Resources */,
			);
			runOnlyForDeploymentPostprocessing = 0;
		};
		C9F672932036534A00CF2A8A /* Resources */ = {
			isa = PBXResourcesBuildPhase;
			buildActionMask = 2147483647;
			files = (
			);
			runOnlyForDeploymentPostprocessing = 0;
		};
		C9F6729E2036534A00CF2A8A /* Resources */ = {
			isa = PBXResourcesBuildPhase;
			buildActionMask = 2147483647;
			files = (
			);
			runOnlyForDeploymentPostprocessing = 0;
		};
/* End PBXResourcesBuildPhase section */

/* Begin PBXShellScriptBuildPhase section */
		148308927E5B0D9ABBDBD66F /* [CP] Embed Pods Frameworks */ = {
			isa = PBXShellScriptBuildPhase;
			buildActionMask = 2147483647;
			files = (
			);
			inputPaths = (
			);
			name = "[CP] Embed Pods Frameworks";
			outputPaths = (
			);
			runOnlyForDeploymentPostprocessing = 0;
			shellPath = /bin/sh;
			shellScript = "\"${SRCROOT}/Pods/Target Support Files/Pods-churabouUITests/Pods-churabouUITests-frameworks.sh\"\n";
			showEnvVarsInLog = 0;
		};
		1E741C24AF5DE3348A36C1F5 /* [CP] Check Pods Manifest.lock */ = {
			isa = PBXShellScriptBuildPhase;
			buildActionMask = 2147483647;
			files = (
			);
			inputPaths = (
			);
			name = "[CP] Check Pods Manifest.lock";
			outputPaths = (
			);
			runOnlyForDeploymentPostprocessing = 0;
			shellPath = /bin/sh;
			shellScript = "diff \"${PODS_PODFILE_DIR_PATH}/Podfile.lock\" \"${PODS_ROOT}/Manifest.lock\" > /dev/null\nif [ $? != 0 ] ; then\n    # print error to STDERR\n    echo \"error: The sandbox is not in sync with the Podfile.lock. Run 'pod install' or update your CocoaPods installation.\" >&2\n    exit 1\nfi\n";
			showEnvVarsInLog = 0;
		};
		41E75D8FED7E4E5DFC6A9EED /* [CP] Check Pods Manifest.lock */ = {
			isa = PBXShellScriptBuildPhase;
			buildActionMask = 2147483647;
			files = (
			);
			inputPaths = (
			);
			name = "[CP] Check Pods Manifest.lock";
			outputPaths = (
			);
			runOnlyForDeploymentPostprocessing = 0;
			shellPath = /bin/sh;
			shellScript = "diff \"${PODS_PODFILE_DIR_PATH}/Podfile.lock\" \"${PODS_ROOT}/Manifest.lock\" > /dev/null\nif [ $? != 0 ] ; then\n    # print error to STDERR\n    echo \"error: The sandbox is not in sync with the Podfile.lock. Run 'pod install' or update your CocoaPods installation.\" >&2\n    exit 1\nfi\n";
			showEnvVarsInLog = 0;
		};
		475E3D844C3585183777419C /* [CP] Copy Pods Resources */ = {
			isa = PBXShellScriptBuildPhase;
			buildActionMask = 2147483647;
			files = (
			);
			inputPaths = (
			);
			name = "[CP] Copy Pods Resources";
			outputPaths = (
			);
			runOnlyForDeploymentPostprocessing = 0;
			shellPath = /bin/sh;
			shellScript = "\"${SRCROOT}/Pods/Target Support Files/Pods-churabou/Pods-churabou-resources.sh\"\n";
			showEnvVarsInLog = 0;
		};
		533DB9AFCB4C7A85FD3B3827 /* [CP] Copy Pods Resources */ = {
			isa = PBXShellScriptBuildPhase;
			buildActionMask = 2147483647;
			files = (
			);
			inputPaths = (
			);
			name = "[CP] Copy Pods Resources";
			outputPaths = (
			);
			runOnlyForDeploymentPostprocessing = 0;
			shellPath = /bin/sh;
			shellScript = "\"${SRCROOT}/Pods/Target Support Files/Pods-churabouUITests/Pods-churabouUITests-resources.sh\"\n";
			showEnvVarsInLog = 0;
		};
		58492ABC67E80D99EF4EABC5 /* [CP] Embed Pods Frameworks */ = {
			isa = PBXShellScriptBuildPhase;
			buildActionMask = 2147483647;
			files = (
			);
			inputPaths = (
			);
			name = "[CP] Embed Pods Frameworks";
			outputPaths = (
			);
			runOnlyForDeploymentPostprocessing = 0;
			shellPath = /bin/sh;
			shellScript = "\"${SRCROOT}/Pods/Target Support Files/Pods-churabou/Pods-churabou-frameworks.sh\"\n";
			showEnvVarsInLog = 0;
		};
		AE9B1C17E03852496DC89F2C /* [CP] Copy Pods Resources */ = {
			isa = PBXShellScriptBuildPhase;
			buildActionMask = 2147483647;
			files = (
			);
			inputPaths = (
			);
			name = "[CP] Copy Pods Resources";
			outputPaths = (
			);
			runOnlyForDeploymentPostprocessing = 0;
			shellPath = /bin/sh;
			shellScript = "\"${SRCROOT}/Pods/Target Support Files/Pods-churabouTests/Pods-churabouTests-resources.sh\"\n";
			showEnvVarsInLog = 0;
		};
		DEB9A436068AE9D0E1BD768B /* [CP] Check Pods Manifest.lock */ = {
			isa = PBXShellScriptBuildPhase;
			buildActionMask = 2147483647;
			files = (
			);
			inputPaths = (
			);
			name = "[CP] Check Pods Manifest.lock";
			outputPaths = (
			);
			runOnlyForDeploymentPostprocessing = 0;
			shellPath = /bin/sh;
			shellScript = "diff \"${PODS_PODFILE_DIR_PATH}/Podfile.lock\" \"${PODS_ROOT}/Manifest.lock\" > /dev/null\nif [ $? != 0 ] ; then\n    # print error to STDERR\n    echo \"error: The sandbox is not in sync with the Podfile.lock. Run 'pod install' or update your CocoaPods installation.\" >&2\n    exit 1\nfi\n";
			showEnvVarsInLog = 0;
		};
		DF8C87C0CF323B48BB640E47 /* [CP] Embed Pods Frameworks */ = {
			isa = PBXShellScriptBuildPhase;
			buildActionMask = 2147483647;
			files = (
			);
			inputPaths = (
			);
			name = "[CP] Embed Pods Frameworks";
			outputPaths = (
			);
			runOnlyForDeploymentPostprocessing = 0;
			shellPath = /bin/sh;
			shellScript = "\"${SRCROOT}/Pods/Target Support Files/Pods-churabouTests/Pods-churabouTests-frameworks.sh\"\n";
			showEnvVarsInLog = 0;
		};
/* End PBXShellScriptBuildPhase section */

/* Begin PBXSourcesBuildPhase section */
		C9F6727D2036534A00CF2A8A /* Sources */ = {
			isa = PBXSourcesBuildPhase;
			buildActionMask = 2147483647;
			files = (
				C9EC92C720446B30007CD128 /* Entry.swift in Sources */,
				C9EC92BC20446B30007CD128 /* GithubRequestType.swift in Sources */,
				C9EC92DA20446B30007CD128 /* LoginUserController.swift in Sources */,
				C9EC92D620446B30007CD128 /* ActivityFeedView.swift in Sources */,
				C9EC92C320446B30007CD128 /* Date+Extension.swift in Sources */,
				C9EC92D720446B30007CD128 /* ActivityFeedViewController.swift in Sources */,
				C9EC92DD20446B30007CD128 /* ProfileViewController.swift in Sources */,
				C9EC92D320446B30007CD128 /* ActivityEventController.swift in Sources */,
				C9EC92E220446B30007CD128 /* RLView.swift in Sources */,
				C9EC92C520446B30007CD128 /* UIImageView+Extension.swift in Sources */,
				C9EC92E320446B30007CD128 /* RLViewModel.swift in Sources */,
				C9EC92CF20446B30007CD128 /* ErrorAlert.swift in Sources */,
				C9EC92C220446B30007CD128 /* PutTokenRequest.swift in Sources */,
				C9EC92CE20446B30007CD128 /* AtomReader.swift in Sources */,
				C9EC92C420446B30007CD128 /* UIColor+Extension.swift in Sources */,
				C9EC92CD20446B30007CD128 /* Reusable.swift in Sources */,
				C9F672872036534A00CF2A8A /* ViewController.swift in Sources */,
				C9EC92C120446B30007CD128 /* GetUserRequest.swift in Sources */,
				C9EC92C920446B30007CD128 /* Feed.swift in Sources */,
				C9EC92C820446B30007CD128 /* Event.swift in Sources */,
				C9EC92D520446B30007CD128 /* ActivityEventViewModel.swift in Sources */,
				C9F672852036534A00CF2A8A /* AppDelegate.swift in Sources */,
				C9EC92BE20446B30007CD128 /* OauthManager.swift in Sources */,
				C9EC92DF20446B30007CD128 /* RepositoryTableViewCell.swift in Sources */,
				C9EC92D420446B30007CD128 /* ActivityEventView.swift in Sources */,
				C9EC92E420446B30007CD128 /* SideMenuController.swift in Sources */,
				C9EC92C620446B30007CD128 /* UITableView+Extension.swift in Sources */,
				C9EC92CC20446B30007CD128 /* NibLoadable.swift in Sources */,
				C9EC92BF20446B30007CD128 /* GetEventRequest.swift in Sources */,
				C9EC92802044538F007CD128 /* Config.swift in Sources */,
				C9EC92DE20446B30007CD128 /* ProfileViewModel.swift in Sources */,
				C9EC92C020446B30007CD128 /* GetRepositoryRequest.swift in Sources */,
				C9EC92E120446B30007CD128 /* RLController.swift in Sources */,
				C9EC92D820446B30007CD128 /* ActivityFeedViewModel.swift in Sources */,
				C9EC92BD20446B30007CD128 /* GithubSession.swift in Sources */,
				C9EC92D920446B30007CD128 /* ContainerController.swift in Sources */,
				C9EC92DC20446B30007CD128 /* MainController.swift in Sources */,
				C9EC92D020446B30007CD128 /* HUD.swift in Sources */,
				C9EC92DB20446B30007CD128 /* LoginViewController.swift in Sources */,
				C9EC92D120446B30007CD128 /* ActivityTableViewCell.swift in Sources */,
				C9EC92CA20446B30007CD128 /* Repository.swift in Sources */,
				C9EC92CB20446B30007CD128 /* User.swift in Sources */,
			);
			runOnlyForDeploymentPostprocessing = 0;
		};
		C9F672912036534A00CF2A8A /* Sources */ = {
			isa = PBXSourcesBuildPhase;
			buildActionMask = 2147483647;
			files = (
				C9F6729A2036534A00CF2A8A /* churabouTests.swift in Sources */,
			);
			runOnlyForDeploymentPostprocessing = 0;
		};
		C9F6729C2036534A00CF2A8A /* Sources */ = {
			isa = PBXSourcesBuildPhase;
			buildActionMask = 2147483647;
			files = (
				C9F672A52036534A00CF2A8A /* churabouUITests.swift in Sources */,
			);
			runOnlyForDeploymentPostprocessing = 0;
		};
/* End PBXSourcesBuildPhase section */

/* Begin PBXTargetDependency section */
		C9F672972036534A00CF2A8A /* PBXTargetDependency */ = {
			isa = PBXTargetDependency;
			target = C9F672802036534A00CF2A8A /* churabou */;
			targetProxy = C9F672962036534A00CF2A8A /* PBXContainerItemProxy */;
		};
		C9F672A22036534A00CF2A8A /* PBXTargetDependency */ = {
			isa = PBXTargetDependency;
			target = C9F672802036534A00CF2A8A /* churabou */;
			targetProxy = C9F672A12036534A00CF2A8A /* PBXContainerItemProxy */;
		};
/* End PBXTargetDependency section */

/* Begin PBXVariantGroup section */
		C9F672882036534A00CF2A8A /* Main.storyboard */ = {
			isa = PBXVariantGroup;
			children = (
				C9F672892036534A00CF2A8A /* Base */,
			);
			name = Main.storyboard;
			sourceTree = "<group>";
		};
		C9F6728D2036534A00CF2A8A /* LaunchScreen.storyboard */ = {
			isa = PBXVariantGroup;
			children = (
				C9F6728E2036534A00CF2A8A /* Base */,
			);
			name = LaunchScreen.storyboard;
			sourceTree = "<group>";
		};
/* End PBXVariantGroup section */

/* Begin XCBuildConfiguration section */
		C9F672A72036534A00CF2A8A /* Debug */ = {
			isa = XCBuildConfiguration;
			buildSettings = {
				ALWAYS_SEARCH_USER_PATHS = NO;
				CLANG_ANALYZER_NONNULL = YES;
				CLANG_ANALYZER_NUMBER_OBJECT_CONVERSION = YES_AGGRESSIVE;
				CLANG_CXX_LANGUAGE_STANDARD = "gnu++14";
				CLANG_CXX_LIBRARY = "libc++";
				CLANG_ENABLE_MODULES = YES;
				CLANG_ENABLE_OBJC_ARC = YES;
				CLANG_WARN_BLOCK_CAPTURE_AUTORELEASING = YES;
				CLANG_WARN_BOOL_CONVERSION = YES;
				CLANG_WARN_COMMA = YES;
				CLANG_WARN_CONSTANT_CONVERSION = YES;
				CLANG_WARN_DIRECT_OBJC_ISA_USAGE = YES_ERROR;
				CLANG_WARN_DOCUMENTATION_COMMENTS = YES;
				CLANG_WARN_EMPTY_BODY = YES;
				CLANG_WARN_ENUM_CONVERSION = YES;
				CLANG_WARN_INFINITE_RECURSION = YES;
				CLANG_WARN_INT_CONVERSION = YES;
				CLANG_WARN_NON_LITERAL_NULL_CONVERSION = YES;
				CLANG_WARN_OBJC_LITERAL_CONVERSION = YES;
				CLANG_WARN_OBJC_ROOT_CLASS = YES_ERROR;
				CLANG_WARN_RANGE_LOOP_ANALYSIS = YES;
				CLANG_WARN_STRICT_PROTOTYPES = YES;
				CLANG_WARN_SUSPICIOUS_MOVE = YES;
				CLANG_WARN_UNGUARDED_AVAILABILITY = YES_AGGRESSIVE;
				CLANG_WARN_UNREACHABLE_CODE = YES;
				CLANG_WARN__DUPLICATE_METHOD_MATCH = YES;
				CODE_SIGN_IDENTITY = "iPhone Developer";
				COPY_PHASE_STRIP = NO;
				DEBUG_INFORMATION_FORMAT = dwarf;
				ENABLE_STRICT_OBJC_MSGSEND = YES;
				ENABLE_TESTABILITY = YES;
				GCC_C_LANGUAGE_STANDARD = gnu11;
				GCC_DYNAMIC_NO_PIC = NO;
				GCC_NO_COMMON_BLOCKS = YES;
				GCC_OPTIMIZATION_LEVEL = 0;
				GCC_PREPROCESSOR_DEFINITIONS = (
					"DEBUG=1",
					"$(inherited)",
				);
				GCC_WARN_64_TO_32_BIT_CONVERSION = YES;
				GCC_WARN_ABOUT_RETURN_TYPE = YES_ERROR;
				GCC_WARN_UNDECLARED_SELECTOR = YES;
				GCC_WARN_UNINITIALIZED_AUTOS = YES_AGGRESSIVE;
				GCC_WARN_UNUSED_FUNCTION = YES;
				GCC_WARN_UNUSED_VARIABLE = YES;
				IPHONEOS_DEPLOYMENT_TARGET = 11.2;
				MTL_ENABLE_DEBUG_INFO = YES;
				ONLY_ACTIVE_ARCH = YES;
				SDKROOT = iphoneos;
				SWIFT_ACTIVE_COMPILATION_CONDITIONS = DEBUG;
				SWIFT_OPTIMIZATION_LEVEL = "-Onone";
			};
			name = Debug;
		};
		C9F672A82036534A00CF2A8A /* Release */ = {
			isa = XCBuildConfiguration;
			buildSettings = {
				ALWAYS_SEARCH_USER_PATHS = NO;
				CLANG_ANALYZER_NONNULL = YES;
				CLANG_ANALYZER_NUMBER_OBJECT_CONVERSION = YES_AGGRESSIVE;
				CLANG_CXX_LANGUAGE_STANDARD = "gnu++14";
				CLANG_CXX_LIBRARY = "libc++";
				CLANG_ENABLE_MODULES = YES;
				CLANG_ENABLE_OBJC_ARC = YES;
				CLANG_WARN_BLOCK_CAPTURE_AUTORELEASING = YES;
				CLANG_WARN_BOOL_CONVERSION = YES;
				CLANG_WARN_COMMA = YES;
				CLANG_WARN_CONSTANT_CONVERSION = YES;
				CLANG_WARN_DIRECT_OBJC_ISA_USAGE = YES_ERROR;
				CLANG_WARN_DOCUMENTATION_COMMENTS = YES;
				CLANG_WARN_EMPTY_BODY = YES;
				CLANG_WARN_ENUM_CONVERSION = YES;
				CLANG_WARN_INFINITE_RECURSION = YES;
				CLANG_WARN_INT_CONVERSION = YES;
				CLANG_WARN_NON_LITERAL_NULL_CONVERSION = YES;
				CLANG_WARN_OBJC_LITERAL_CONVERSION = YES;
				CLANG_WARN_OBJC_ROOT_CLASS = YES_ERROR;
				CLANG_WARN_RANGE_LOOP_ANALYSIS = YES;
				CLANG_WARN_STRICT_PROTOTYPES = YES;
				CLANG_WARN_SUSPICIOUS_MOVE = YES;
				CLANG_WARN_UNGUARDED_AVAILABILITY = YES_AGGRESSIVE;
				CLANG_WARN_UNREACHABLE_CODE = YES;
				CLANG_WARN__DUPLICATE_METHOD_MATCH = YES;
				CODE_SIGN_IDENTITY = "iPhone Developer";
				COPY_PHASE_STRIP = NO;
				DEBUG_INFORMATION_FORMAT = "dwarf-with-dsym";
				ENABLE_NS_ASSERTIONS = NO;
				ENABLE_STRICT_OBJC_MSGSEND = YES;
				GCC_C_LANGUAGE_STANDARD = gnu11;
				GCC_NO_COMMON_BLOCKS = YES;
				GCC_WARN_64_TO_32_BIT_CONVERSION = YES;
				GCC_WARN_ABOUT_RETURN_TYPE = YES_ERROR;
				GCC_WARN_UNDECLARED_SELECTOR = YES;
				GCC_WARN_UNINITIALIZED_AUTOS = YES_AGGRESSIVE;
				GCC_WARN_UNUSED_FUNCTION = YES;
				GCC_WARN_UNUSED_VARIABLE = YES;
				IPHONEOS_DEPLOYMENT_TARGET = 11.2;
				MTL_ENABLE_DEBUG_INFO = NO;
				SDKROOT = iphoneos;
				SWIFT_OPTIMIZATION_LEVEL = "-Owholemodule";
				VALIDATE_PRODUCT = YES;
			};
			name = Release;
		};
		C9F672AA2036534A00CF2A8A /* Debug */ = {
			isa = XCBuildConfiguration;
			baseConfigurationReference = 06D1ED86BE96B8E940AE7C9E /* Pods-churabou.debug.xcconfig */;
			buildSettings = {
				ASSETCATALOG_COMPILER_APPICON_NAME = AppIcon;
				CODE_SIGN_STYLE = Automatic;
				DEVELOPMENT_TEAM = J5ZDJEZ5EU;
				INFOPLIST_FILE = churabou/Info.plist;
				LD_RUNPATH_SEARCH_PATHS = "$(inherited) @executable_path/Frameworks";
				PRODUCT_BUNDLE_IDENTIFIER = test.churabou;
				PRODUCT_NAME = "$(TARGET_NAME)";
				SWIFT_VERSION = 4.0;
				TARGETED_DEVICE_FAMILY = "1,2";
			};
			name = Debug;
		};
		C9F672AB2036534A00CF2A8A /* Release */ = {
			isa = XCBuildConfiguration;
			baseConfigurationReference = 392630964E44206321AB2531 /* Pods-churabou.release.xcconfig */;
			buildSettings = {
				ASSETCATALOG_COMPILER_APPICON_NAME = AppIcon;
				CODE_SIGN_STYLE = Automatic;
				DEVELOPMENT_TEAM = J5ZDJEZ5EU;
				INFOPLIST_FILE = churabou/Info.plist;
				LD_RUNPATH_SEARCH_PATHS = "$(inherited) @executable_path/Frameworks";
				PRODUCT_BUNDLE_IDENTIFIER = test.churabou;
				PRODUCT_NAME = "$(TARGET_NAME)";
				SWIFT_VERSION = 4.0;
				TARGETED_DEVICE_FAMILY = "1,2";
			};
			name = Release;
		};
		C9F672AD2036534A00CF2A8A /* Debug */ = {
			isa = XCBuildConfiguration;
			baseConfigurationReference = 0A860A5B970DB2A2FC7D0A3D /* Pods-churabouTests.debug.xcconfig */;
			buildSettings = {
				ALWAYS_EMBED_SWIFT_STANDARD_LIBRARIES = YES;
				BUNDLE_LOADER = "$(TEST_HOST)";
				CODE_SIGN_STYLE = Automatic;
				DEVELOPMENT_TEAM = J5ZDJEZ5EU;
				INFOPLIST_FILE = churabouTests/Info.plist;
				LD_RUNPATH_SEARCH_PATHS = "$(inherited) @executable_path/Frameworks @loader_path/Frameworks";
				PRODUCT_BUNDLE_IDENTIFIER = test.churabouTests;
				PRODUCT_NAME = "$(TARGET_NAME)";
				SWIFT_VERSION = 4.0;
				TARGETED_DEVICE_FAMILY = "1,2";
				TEST_HOST = "$(BUILT_PRODUCTS_DIR)/churabou.app/churabou";
			};
			name = Debug;
		};
		C9F672AE2036534A00CF2A8A /* Release */ = {
			isa = XCBuildConfiguration;
			baseConfigurationReference = 1002E0E9AC5450D69A87C2AE /* Pods-churabouTests.release.xcconfig */;
			buildSettings = {
				ALWAYS_EMBED_SWIFT_STANDARD_LIBRARIES = YES;
				BUNDLE_LOADER = "$(TEST_HOST)";
				CODE_SIGN_STYLE = Automatic;
				DEVELOPMENT_TEAM = J5ZDJEZ5EU;
				INFOPLIST_FILE = churabouTests/Info.plist;
				LD_RUNPATH_SEARCH_PATHS = "$(inherited) @executable_path/Frameworks @loader_path/Frameworks";
				PRODUCT_BUNDLE_IDENTIFIER = test.churabouTests;
				PRODUCT_NAME = "$(TARGET_NAME)";
				SWIFT_VERSION = 4.0;
				TARGETED_DEVICE_FAMILY = "1,2";
				TEST_HOST = "$(BUILT_PRODUCTS_DIR)/churabou.app/churabou";
			};
			name = Release;
		};
		C9F672B02036534A00CF2A8A /* Debug */ = {
			isa = XCBuildConfiguration;
			baseConfigurationReference = C5B4DCDA97D3AFE1584290B3 /* Pods-churabouUITests.debug.xcconfig */;
			buildSettings = {
				ALWAYS_EMBED_SWIFT_STANDARD_LIBRARIES = YES;
				CODE_SIGN_STYLE = Automatic;
				DEVELOPMENT_TEAM = J5ZDJEZ5EU;
				INFOPLIST_FILE = churabouUITests/Info.plist;
				LD_RUNPATH_SEARCH_PATHS = "$(inherited) @executable_path/Frameworks @loader_path/Frameworks";
				PRODUCT_BUNDLE_IDENTIFIER = test.churabouUITests;
				PRODUCT_NAME = "$(TARGET_NAME)";
				SWIFT_VERSION = 4.0;
				TARGETED_DEVICE_FAMILY = "1,2";
				TEST_TARGET_NAME = churabou;
			};
			name = Debug;
		};
		C9F672B12036534A00CF2A8A /* Release */ = {
			isa = XCBuildConfiguration;
			baseConfigurationReference = 8A9D6ED293B28953ED45B664 /* Pods-churabouUITests.release.xcconfig */;
			buildSettings = {
				ALWAYS_EMBED_SWIFT_STANDARD_LIBRARIES = YES;
				CODE_SIGN_STYLE = Automatic;
				DEVELOPMENT_TEAM = J5ZDJEZ5EU;
				INFOPLIST_FILE = churabouUITests/Info.plist;
				LD_RUNPATH_SEARCH_PATHS = "$(inherited) @executable_path/Frameworks @loader_path/Frameworks";
				PRODUCT_BUNDLE_IDENTIFIER = test.churabouUITests;
				PRODUCT_NAME = "$(TARGET_NAME)";
				SWIFT_VERSION = 4.0;
				TARGETED_DEVICE_FAMILY = "1,2";
				TEST_TARGET_NAME = churabou;
			};
			name = Release;
		};
/* End XCBuildConfiguration section */

/* Begin XCConfigurationList section */
		C9F6727C2036534A00CF2A8A /* Build configuration list for PBXProject "churabou" */ = {
			isa = XCConfigurationList;
			buildConfigurations = (
				C9F672A72036534A00CF2A8A /* Debug */,
				C9F672A82036534A00CF2A8A /* Release */,
			);
			defaultConfigurationIsVisible = 0;
			defaultConfigurationName = Release;
		};
		C9F672A92036534A00CF2A8A /* Build configuration list for PBXNativeTarget "churabou" */ = {
			isa = XCConfigurationList;
			buildConfigurations = (
				C9F672AA2036534A00CF2A8A /* Debug */,
				C9F672AB2036534A00CF2A8A /* Release */,
			);
			defaultConfigurationIsVisible = 0;
			defaultConfigurationName = Release;
		};
		C9F672AC2036534A00CF2A8A /* Build configuration list for PBXNativeTarget "churabouTests" */ = {
			isa = XCConfigurationList;
			buildConfigurations = (
				C9F672AD2036534A00CF2A8A /* Debug */,
				C9F672AE2036534A00CF2A8A /* Release */,
			);
			defaultConfigurationIsVisible = 0;
			defaultConfigurationName = Release;
		};
		C9F672AF2036534A00CF2A8A /* Build configuration list for PBXNativeTarget "churabouUITests" */ = {
			isa = XCConfigurationList;
			buildConfigurations = (
				C9F672B02036534A00CF2A8A /* Debug */,
				C9F672B12036534A00CF2A8A /* Release */,
			);
			defaultConfigurationIsVisible = 0;
			defaultConfigurationName = Release;
		};
/* End XCConfigurationList section */
	};
	rootObject = C9F672792036534A00CF2A8A /* Project object */;
}
