// !$*UTF8*$!
{
	archiveVersion = 1;
	classes = {
	};
	objectVersion = 48;
	objects = {

/* Begin PBXBuildFile section */
		C9F672852036534A00CF2A8A /* AppDelegate.swift in Sources */ = {isa = PBXBuildFile; fileRef = C9F672842036534A00CF2A8A /* AppDelegate.swift */; };
		C9F672872036534A00CF2A8A /* ViewController.swift in Sources */ = {isa = PBXBuildFile; fileRef = C9F672862036534A00CF2A8A /* ViewController.swift */; };
		C9F6728A2036534A00CF2A8A /* Main.storyboard in Resources */ = {isa = PBXBuildFile; fileRef = C9F672882036534A00CF2A8A /* Main.storyboard */; };
		C9F6728C2036534A00CF2A8A /* Assets.xcassets in Resources */ = {isa = PBXBuildFile; fileRef = C9F6728B2036534A00CF2A8A /* Assets.xcassets */; };
		C9F6728F2036534A00CF2A8A /* LaunchScreen.storyboard in Resources */ = {isa = PBXBuildFile; fileRef = C9F6728D2036534A00CF2A8A /* LaunchScreen.storyboard */; };
		C9F6729A2036534A00CF2A8A /* churabouTests.swift in Sources */ = {isa = PBXBuildFile; fileRef = C9F672992036534A00CF2A8A /* churabouTests.swift */; };
		C9F672A52036534A00CF2A8A /* churabouUITests.swift in Sources */ = {isa = PBXBuildFile; fileRef = C9F672A42036534A00CF2A8A /* churabouUITests.swift */; };
/* End PBXBuildFile section */

/* Begin PBXContainerItemProxy section */
		C9F672962036534A00CF2A8A /* PBXContainerItemProxy */ = {
			isa = PBXContainerItemProxy;
			containerPortal = C9F672792036534A00CF2A8A /* Project object */;
			proxyType = 1;
			remoteGlobalIDString = C9F672802036534A00CF2A8A;
			remoteInfo = churabou;
		};
		C9F672A12036534A00CF2A8A /* PBXContainerItemProxy */ = {
			isa = PBXContainerItemProxy;
			containerPortal = C9F672792036534A00CF2A8A /* Project object */;
			proxyType = 1;
			remoteGlobalIDString = C9F672802036534A00CF2A8A;
			remoteInfo = churabou;
		};
/* End PBXContainerItemProxy section */

/* Begin PBXFileReference section */
		C9F672812036534A00CF2A8A /* churabou.app */ = {isa = PBXFileReference; explicitFileType = wrapper.application; includeInIndex = 0; path = churabou.app; sourceTree = BUILT_PRODUCTS_DIR; };
		C9F672842036534A00CF2A8A /* AppDelegate.swift */ = {isa = PBXFileReference; lastKnownFileType = sourcecode.swift; path = AppDelegate.swift; sourceTree = "<group>"; };
		C9F672862036534A00CF2A8A /* ViewController.swift */ = {isa = PBXFileReference; lastKnownFileType = sourcecode.swift; path = ViewController.swift; sourceTree = "<group>"; };
		C9F672892036534A00CF2A8A /* Base */ = {isa = PBXFileReference; lastKnownFileType = file.storyboard; name = Base; path = Base.lproj/Main.storyboard; sourceTree = "<group>"; };
		C9F6728B2036534A00CF2A8A /* Assets.xcassets */ = {isa = PBXFileReference; lastKnownFileType = folder.assetcatalog; path = Assets.xcassets; sourceTree = "<group>"; };
		C9F6728E2036534A00CF2A8A /* Base */ = {isa = PBXFileReference; lastKnownFileType = file.storyboard; name = Base; path = Base.lproj/LaunchScreen.storyboard; sourceTree = "<group>"; };
		C9F672902036534A00CF2A8A /* Info.plist */ = {isa = PBXFileReference; lastKnownFileType = text.plist.xml; path = Info.plist; sourceTree = "<group>"; };
		C9F672952036534A00CF2A8A /* churabouTests.xctest */ = {isa = PBXFileReference; explicitFileType = wrapper.cfbundle; includeInIndex = 0; path = churabouTests.xctest; sourceTree = BUILT_PRODUCTS_DIR; };
		C9F672992036534A00CF2A8A /* churabouTests.swift */ = {isa = PBXFileReference; lastKnownFileType = sourcecode.swift; path = churabouTests.swift; sourceTree = "<group>"; };
		C9F6729B2036534A00CF2A8A /* Info.plist */ = {isa = PBXFileReference; lastKnownFileType = text.plist.xml; path = Info.plist; sourceTree = "<group>"; };
		C9F672A02036534A00CF2A8A /* churabouUITests.xctest */ = {isa = PBXFileReference; explicitFileType = wrapper.cfbundle; includeInIndex = 0; path = churabouUITests.xctest; sourceTree = BUILT_PRODUCTS_DIR; };
		C9F672A42036534A00CF2A8A /* churabouUITests.swift */ = {isa = PBXFileReference; lastKnownFileType = sourcecode.swift; path = churabouUITests.swift; sourceTree = "<group>"; };
		C9F672A62036534A00CF2A8A /* Info.plist */ = {isa = PBXFileReference; lastKnownFileType = text.plist.xml; path = Info.plist; sourceTree = "<group>"; };
/* End PBXFileReference section */

/* Begin PBXFrameworksBuildPhase section */
		C9F6727E2036534A00CF2A8A /* Frameworks */ = {
			isa = PBXFrameworksBuildPhase;
			buildActionMask = 2147483647;
			files = (
			);
			runOnlyForDeploymentPostprocessing = 0;
		};
		C9F672922036534A00CF2A8A /* Frameworks */ = {
			isa = PBXFrameworksBuildPhase;
			buildActionMask = 2147483647;
			files = (
			);
			runOnlyForDeploymentPostprocessing = 0;
		};
		C9F6729D2036534A00CF2A8A /* Frameworks */ = {
			isa = PBXFrameworksBuildPhase;
			buildActionMask = 2147483647;
			files = (
			);
			runOnlyForDeploymentPostprocessing = 0;
		};
/* End PBXFrameworksBuildPhase section */

/* Begin PBXGroup section */
		C9F672782036534A00CF2A8A = {
			isa = PBXGroup;
			children = (
				C9F672832036534A00CF2A8A /* churabou */,
				C9F672982036534A00CF2A8A /* churabouTests */,
				C9F672A32036534A00CF2A8A /* churabouUITests */,
				C9F672822036534A00CF2A8A /* Products */,
			);
			sourceTree = "<group>";
		};
		C9F672822036534A00CF2A8A /* Products */ = {
			isa = PBXGroup;
			children = (
				C9F672812036534A00CF2A8A /* churabou.app */,
				C9F672952036534A00CF2A8A /* churabouTests.xctest */,
				C9F672A02036534A00CF2A8A /* churabouUITests.xctest */,
			);
			name = Products;
			sourceTree = "<group>";
		};
		C9F672832036534A00CF2A8A /* churabou */ = {
			isa = PBXGroup;
			children = (
				C9F672842036534A00CF2A8A /* AppDelegate.swift */,
				C9F672862036534A00CF2A8A /* ViewController.swift */,
				C9F672882036534A00CF2A8A /* Main.storyboard */,
				C9F6728B2036534A00CF2A8A /* Assets.xcassets */,
				C9F6728D2036534A00CF2A8A /* LaunchScreen.storyboard */,
				C9F672902036534A00CF2A8A /* Info.plist */,
			);
			path = churabou;
			sourceTree = "<group>";
		};
		C9F672982036534A00CF2A8A /* churabouTests */ = {
			isa = PBXGroup;
			children = (
				C9F672992036534A00CF2A8A /* churabouTests.swift */,
				C9F6729B2036534A00CF2A8A /* Info.plist */,
			);
			path = churabouTests;
			sourceTree = "<group>";
		};
		C9F672A32036534A00CF2A8A /* churabouUITests */ = {
			isa = PBXGroup;
			children = (
				C9F672A42036534A00CF2A8A /* churabouUITests.swift */,
				C9F672A62036534A00CF2A8A /* Info.plist */,
			);
			path = churabouUITests;
			sourceTree = "<group>";
		};
/* End PBXGroup section */

/* Begin PBXNativeTarget section */
		C9F672802036534A00CF2A8A /* churabou */ = {
			isa = PBXNativeTarget;
			buildConfigurationList = C9F672A92036534A00CF2A8A /* Build configuration list for PBXNativeTarget "churabou" */;
			buildPhases = (
				C9F6727D2036534A00CF2A8A /* Sources */,
				C9F6727E2036534A00CF2A8A /* Frameworks */,
				C9F6727F2036534A00CF2A8A /* Resources */,
			);
			buildRules = (
			);
			dependencies = (
			);
			name = churabou;
			productName = churabou;
			productReference = C9F672812036534A00CF2A8A /* churabou.app */;
			productType = "com.apple.product-type.application";
		};
		C9F672942036534A00CF2A8A /* churabouTests */ = {
			isa = PBXNativeTarget;
			buildConfigurationList = C9F672AC2036534A00CF2A8A /* Build configuration list for PBXNativeTarget "churabouTests" */;
			buildPhases = (
				C9F672912036534A00CF2A8A /* Sources */,
				C9F672922036534A00CF2A8A /* Frameworks */,
				C9F672932036534A00CF2A8A /* Resources */,
			);
			buildRules = (
			);
			dependencies = (
				C9F672972036534A00CF2A8A /* PBXTargetDependency */,
			);
			name = churabouTests;
			productName = churabouTests;
			productReference = C9F672952036534A00CF2A8A /* churabouTests.xctest */;
			productType = "com.apple.product-type.bundle.unit-test";
		};
		C9F6729F2036534A00CF2A8A /* churabouUITests */ = {
			isa = PBXNativeTarget;
			buildConfigurationList = C9F672AF2036534A00CF2A8A /* Build configuration list for PBXNativeTarget "churabouUITests" */;
			buildPhases = (
				C9F6729C2036534A00CF2A8A /* Sources */,
				C9F6729D2036534A00CF2A8A /* Frameworks */,
				C9F6729E2036534A00CF2A8A /* Resources */,
			);
			buildRules = (
			);
			dependencies = (
				C9F672A22036534A00CF2A8A /* PBXTargetDependency */,
			);
			name = churabouUITests;
			productName = churabouUITests;
			productReference = C9F672A02036534A00CF2A8A /* churabouUITests.xctest */;
			productType = "com.apple.product-type.bundle.ui-testing";
		};
/* End PBXNativeTarget section */

/* Begin PBXProject section */
		C9F672792036534A00CF2A8A /* Project object */ = {
			isa = PBXProject;
			attributes = {
				LastSwiftUpdateCheck = 0920;
				LastUpgradeCheck = 0920;
				ORGANIZATIONNAME = "ちゅーたつ";
				TargetAttributes = {
					C9F672802036534A00CF2A8A = {
						CreatedOnToolsVersion = 9.2;
						ProvisioningStyle = Automatic;
					};
					C9F672942036534A00CF2A8A = {
						CreatedOnToolsVersion = 9.2;
						ProvisioningStyle = Automatic;
						TestTargetID = C9F672802036534A00CF2A8A;
					};
					C9F6729F2036534A00CF2A8A = {
						CreatedOnToolsVersion = 9.2;
						ProvisioningStyle = Automatic;
						TestTargetID = C9F672802036534A00CF2A8A;
					};
				};
			};
			buildConfigurationList = C9F6727C2036534A00CF2A8A /* Build configuration list for PBXProject "churabou" */;
			compatibilityVersion = "Xcode 8.0";
			developmentRegion = en;
			hasScannedForEncodings = 0;
			knownRegions = (
				en,
				Base,
			);
			mainGroup = C9F672782036534A00CF2A8A;
			productRefGroup = C9F672822036534A00CF2A8A /* Products */;
			projectDirPath = "";
			projectRoot = "";
			targets = (
				C9F672802036534A00CF2A8A /* churabou */,
				C9F672942036534A00CF2A8A /* churabouTests */,
				C9F6729F2036534A00CF2A8A /* churabouUITests */,
			);
		};
/* End PBXProject section */

/* Begin PBXResourcesBuildPhase section */
		C9F6727F2036534A00CF2A8A /* Resources */ = {
			isa = PBXResourcesBuildPhase;
			buildActionMask = 2147483647;
			files = (
				C9F6728F2036534A00CF2A8A /* LaunchScreen.storyboard in Resources */,
				C9F6728C2036534A00CF2A8A /* Assets.xcassets in Resources */,
				C9F6728A2036534A00CF2A8A /* Main.storyboard in Resources */,
			);
			runOnlyForDeploymentPostprocessing = 0;
		};
		C9F672932036534A00CF2A8A /* Resources */ = {
			isa = PBXResourcesBuildPhase;
			buildActionMask = 2147483647;
			files = (
			);
			runOnlyForDeploymentPostprocessing = 0;
		};
		C9F6729E2036534A00CF2A8A /* Resources */ = {
			isa = PBXResourcesBuildPhase;
			buildActionMask = 2147483647;
			files = (
			);
			runOnlyForDeploymentPostprocessing = 0;
		};
/* End PBXResourcesBuildPhase section */

/* Begin PBXSourcesBuildPhase section */
		C9F6727D2036534A00CF2A8A /* Sources */ = {
			isa = PBXSourcesBuildPhase;
			buildActionMask = 2147483647;
			files = (
				C9F672872036534A00CF2A8A /* ViewController.swift in Sources */,
				C9F672852036534A00CF2A8A /* AppDelegate.swift in Sources */,
			);
			runOnlyForDeploymentPostprocessing = 0;
		};
		C9F672912036534A00CF2A8A /* Sources */ = {
			isa = PBXSourcesBuildPhase;
			buildActionMask = 2147483647;
			files = (
				C9F6729A2036534A00CF2A8A /* churabouTests.swift in Sources */,
			);
			runOnlyForDeploymentPostprocessing = 0;
		};
		C9F6729C2036534A00CF2A8A /* Sources */ = {
			isa = PBXSourcesBuildPhase;
			buildActionMask = 2147483647;
			files = (
				C9F672A52036534A00CF2A8A /* churabouUITests.swift in Sources */,
			);
			runOnlyForDeploymentPostprocessing = 0;
		};
/* End PBXSourcesBuildPhase section */

/* Begin PBXTargetDependency section */
		C9F672972036534A00CF2A8A /* PBXTargetDependency */ = {
			isa = PBXTargetDependency;
			target = C9F672802036534A00CF2A8A /* churabou */;
			targetProxy = C9F672962036534A00CF2A8A /* PBXContainerItemProxy */;
		};
		C9F672A22036534A00CF2A8A /* PBXTargetDependency */ = {
			isa = PBXTargetDependency;
			target = C9F672802036534A00CF2A8A /* churabou */;
			targetProxy = C9F672A12036534A00CF2A8A /* PBXContainerItemProxy */;
		};
/* End PBXTargetDependency section */

/* Begin PBXVariantGroup section */
		C9F672882036534A00CF2A8A /* Main.storyboard */ = {
			isa = PBXVariantGroup;
			children = (
				C9F672892036534A00CF2A8A /* Base */,
			);
			name = Main.storyboard;
			sourceTree = "<group>";
		};
		C9F6728D2036534A00CF2A8A /* LaunchScreen.storyboard */ = {
			isa = PBXVariantGroup;
			children = (
				C9F6728E2036534A00CF2A8A /* Base */,
			);
			name = LaunchScreen.storyboard;
			sourceTree = "<group>";
		};
/* End PBXVariantGroup section */

/* Begin XCBuildConfiguration section */
		C9F672A72036534A00CF2A8A /* Debug */ = {
			isa = XCBuildConfiguration;
			buildSettings = {
				ALWAYS_SEARCH_USER_PATHS = NO;
				CLANG_ANALYZER_NONNULL = YES;
				CLANG_ANALYZER_NUMBER_OBJECT_CONVERSION = YES_AGGRESSIVE;
				CLANG_CXX_LANGUAGE_STANDARD = "gnu++14";
				CLANG_CXX_LIBRARY = "libc++";
				CLANG_ENABLE_MODULES = YES;
				CLANG_ENABLE_OBJC_ARC = YES;
				CLANG_WARN_BLOCK_CAPTURE_AUTORELEASING = YES;
				CLANG_WARN_BOOL_CONVERSION = YES;
				CLANG_WARN_COMMA = YES;
				CLANG_WARN_CONSTANT_CONVERSION = YES;
				CLANG_WARN_DIRECT_OBJC_ISA_USAGE = YES_ERROR;
				CLANG_WARN_DOCUMENTATION_COMMENTS = YES;
				CLANG_WARN_EMPTY_BODY = YES;
				CLANG_WARN_ENUM_CONVERSION = YES;
				CLANG_WARN_INFINITE_RECURSION = YES;
				CLANG_WARN_INT_CONVERSION = YES;
				CLANG_WARN_NON_LITERAL_NULL_CONVERSION = YES;
				CLANG_WARN_OBJC_LITERAL_CONVERSION = YES;
				CLANG_WARN_OBJC_ROOT_CLASS = YES_ERROR;
				CLANG_WARN_RANGE_LOOP_ANALYSIS = YES;
				CLANG_WARN_STRICT_PROTOTYPES = YES;
				CLANG_WARN_SUSPICIOUS_MOVE = YES;
				CLANG_WARN_UNGUARDED_AVAILABILITY = YES_AGGRESSIVE;
				CLANG_WARN_UNREACHABLE_CODE = YES;
				CLANG_WARN__DUPLICATE_METHOD_MATCH = YES;
				CODE_SIGN_IDENTITY = "iPhone Developer";
				COPY_PHASE_STRIP = NO;
				DEBUG_INFORMATION_FORMAT = dwarf;
				ENABLE_STRICT_OBJC_MSGSEND = YES;
				ENABLE_TESTABILITY = YES;
				GCC_C_LANGUAGE_STANDARD = gnu11;
				GCC_DYNAMIC_NO_PIC = NO;
				GCC_NO_COMMON_BLOCKS = YES;
				GCC_OPTIMIZATION_LEVEL = 0;
				GCC_PREPROCESSOR_DEFINITIONS = (
					"DEBUG=1",
					"$(inherited)",
				);
				GCC_WARN_64_TO_32_BIT_CONVERSION = YES;
				GCC_WARN_ABOUT_RETURN_TYPE = YES_ERROR;
				GCC_WARN_UNDECLARED_SELECTOR = YES;
				GCC_WARN_UNINITIALIZED_AUTOS = YES_AGGRESSIVE;
				GCC_WARN_UNUSED_FUNCTION = YES;
				GCC_WARN_UNUSED_VARIABLE = YES;
				IPHONEOS_DEPLOYMENT_TARGET = 11.2;
				MTL_ENABLE_DEBUG_INFO = YES;
				ONLY_ACTIVE_ARCH = YES;
				SDKROOT = iphoneos;
				SWIFT_ACTIVE_COMPILATION_CONDITIONS = DEBUG;
				SWIFT_OPTIMIZATION_LEVEL = "-Onone";
			};
			name = Debug;
		};
		C9F672A82036534A00CF2A8A /* Release */ = {
			isa = XCBuildConfiguration;
			buildSettings = {
				ALWAYS_SEARCH_USER_PATHS = NO;
				CLANG_ANALYZER_NONNULL = YES;
				CLANG_ANALYZER_NUMBER_OBJECT_CONVERSION = YES_AGGRESSIVE;
				CLANG_CXX_LANGUAGE_STANDARD = "gnu++14";
				CLANG_CXX_LIBRARY = "libc++";
				CLANG_ENABLE_MODULES = YES;
				CLANG_ENABLE_OBJC_ARC = YES;
				CLANG_WARN_BLOCK_CAPTURE_AUTORELEASING = YES;
				CLANG_WARN_BOOL_CONVERSION = YES;
				CLANG_WARN_COMMA = YES;
				CLANG_WARN_CONSTANT_CONVERSION = YES;
				CLANG_WARN_DIRECT_OBJC_ISA_USAGE = YES_ERROR;
				CLANG_WARN_DOCUMENTATION_COMMENTS = YES;
				CLANG_WARN_EMPTY_BODY = YES;
				CLANG_WARN_ENUM_CONVERSION = YES;
				CLANG_WARN_INFINITE_RECURSION = YES;
				CLANG_WARN_INT_CONVERSION = YES;
				CLANG_WARN_NON_LITERAL_NULL_CONVERSION = YES;
				CLANG_WARN_OBJC_LITERAL_CONVERSION = YES;
				CLANG_WARN_OBJC_ROOT_CLASS = YES_ERROR;
				CLANG_WARN_RANGE_LOOP_ANALYSIS = YES;
				CLANG_WARN_STRICT_PROTOTYPES = YES;
				CLANG_WARN_SUSPICIOUS_MOVE = YES;
				CLANG_WARN_UNGUARDED_AVAILABILITY = YES_AGGRESSIVE;
				CLANG_WARN_UNREACHABLE_CODE = YES;
				CLANG_WARN__DUPLICATE_METHOD_MATCH = YES;
				CODE_SIGN_IDENTITY = "iPhone Developer";
				COPY_PHASE_STRIP = NO;
				DEBUG_INFORMATION_FORMAT = "dwarf-with-dsym";
				ENABLE_NS_ASSERTIONS = NO;
				ENABLE_STRICT_OBJC_MSGSEND = YES;
				GCC_C_LANGUAGE_STANDARD = gnu11;
				GCC_NO_COMMON_BLOCKS = YES;
				GCC_WARN_64_TO_32_BIT_CONVERSION = YES;
				GCC_WARN_ABOUT_RETURN_TYPE = YES_ERROR;
				GCC_WARN_UNDECLARED_SELECTOR = YES;
				GCC_WARN_UNINITIALIZED_AUTOS = YES_AGGRESSIVE;
				GCC_WARN_UNUSED_FUNCTION = YES;
				GCC_WARN_UNUSED_VARIABLE = YES;
				IPHONEOS_DEPLOYMENT_TARGET = 11.2;
				MTL_ENABLE_DEBUG_INFO = NO;
				SDKROOT = iphoneos;
				SWIFT_OPTIMIZATION_LEVEL = "-Owholemodule";
				VALIDATE_PRODUCT = YES;
			};
			name = Release;
		};
		C9F672AA2036534A00CF2A8A /* Debug */ = {
			isa = XCBuildConfiguration;
			buildSettings = {
				ASSETCATALOG_COMPILER_APPICON_NAME = AppIcon;
				CODE_SIGN_STYLE = Automatic;
				DEVELOPMENT_TEAM = J5ZDJEZ5EU;
				INFOPLIST_FILE = churabou/Info.plist;
				LD_RUNPATH_SEARCH_PATHS = "$(inherited) @executable_path/Frameworks";
				PRODUCT_BUNDLE_IDENTIFIER = test.churabou;
				PRODUCT_NAME = "$(TARGET_NAME)";
				SWIFT_VERSION = 4.0;
				TARGETED_DEVICE_FAMILY = "1,2";
			};
			name = Debug;
		};
		C9F672AB2036534A00CF2A8A /* Release */ = {
			isa = XCBuildConfiguration;
			buildSettings = {
				ASSETCATALOG_COMPILER_APPICON_NAME = AppIcon;
				CODE_SIGN_STYLE = Automatic;
				DEVELOPMENT_TEAM = J5ZDJEZ5EU;
				INFOPLIST_FILE = churabou/Info.plist;
				LD_RUNPATH_SEARCH_PATHS = "$(inherited) @executable_path/Frameworks";
				PRODUCT_BUNDLE_IDENTIFIER = test.churabou;
				PRODUCT_NAME = "$(TARGET_NAME)";
				SWIFT_VERSION = 4.0;
				TARGETED_DEVICE_FAMILY = "1,2";
			};
			name = Release;
		};
		C9F672AD2036534A00CF2A8A /* Debug */ = {
			isa = XCBuildConfiguration;
			buildSettings = {
				ALWAYS_EMBED_SWIFT_STANDARD_LIBRARIES = YES;
				BUNDLE_LOADER = "$(TEST_HOST)";
				CODE_SIGN_STYLE = Automatic;
				DEVELOPMENT_TEAM = J5ZDJEZ5EU;
				INFOPLIST_FILE = churabouTests/Info.plist;
				LD_RUNPATH_SEARCH_PATHS = "$(inherited) @executable_path/Frameworks @loader_path/Frameworks";
				PRODUCT_BUNDLE_IDENTIFIER = test.churabouTests;
				PRODUCT_NAME = "$(TARGET_NAME)";
				SWIFT_VERSION = 4.0;
				TARGETED_DEVICE_FAMILY = "1,2";
				TEST_HOST = "$(BUILT_PRODUCTS_DIR)/churabou.app/churabou";
			};
			name = Debug;
		};
		C9F672AE2036534A00CF2A8A /* Release */ = {
			isa = XCBuildConfiguration;
			buildSettings = {
				ALWAYS_EMBED_SWIFT_STANDARD_LIBRARIES = YES;
				BUNDLE_LOADER = "$(TEST_HOST)";
				CODE_SIGN_STYLE = Automatic;
				DEVELOPMENT_TEAM = J5ZDJEZ5EU;
				INFOPLIST_FILE = churabouTests/Info.plist;
				LD_RUNPATH_SEARCH_PATHS = "$(inherited) @executable_path/Frameworks @loader_path/Frameworks";
				PRODUCT_BUNDLE_IDENTIFIER = test.churabouTests;
				PRODUCT_NAME = "$(TARGET_NAME)";
				SWIFT_VERSION = 4.0;
				TARGETED_DEVICE_FAMILY = "1,2";
				TEST_HOST = "$(BUILT_PRODUCTS_DIR)/churabou.app/churabou";
			};
			name = Release;
		};
		C9F672B02036534A00CF2A8A /* Debug */ = {
			isa = XCBuildConfiguration;
			buildSettings = {
				ALWAYS_EMBED_SWIFT_STANDARD_LIBRARIES = YES;
				CODE_SIGN_STYLE = Automatic;
				DEVELOPMENT_TEAM = J5ZDJEZ5EU;
				INFOPLIST_FILE = churabouUITests/Info.plist;
				LD_RUNPATH_SEARCH_PATHS = "$(inherited) @executable_path/Frameworks @loader_path/Frameworks";
				PRODUCT_BUNDLE_IDENTIFIER = test.churabouUITests;
				PRODUCT_NAME = "$(TARGET_NAME)";
				SWIFT_VERSION = 4.0;
				TARGETED_DEVICE_FAMILY = "1,2";
				TEST_TARGET_NAME = churabou;
			};
			name = Debug;
		};
		C9F672B12036534A00CF2A8A /* Release */ = {
			isa = XCBuildConfiguration;
			buildSettings = {
				ALWAYS_EMBED_SWIFT_STANDARD_LIBRARIES = YES;
				CODE_SIGN_STYLE = Automatic;
				DEVELOPMENT_TEAM = J5ZDJEZ5EU;
				INFOPLIST_FILE = churabouUITests/Info.plist;
				LD_RUNPATH_SEARCH_PATHS = "$(inherited) @executable_path/Frameworks @loader_path/Frameworks";
				PRODUCT_BUNDLE_IDENTIFIER = test.churabouUITests;
				PRODUCT_NAME = "$(TARGET_NAME)";
				SWIFT_VERSION = 4.0;
				TARGETED_DEVICE_FAMILY = "1,2";
				TEST_TARGET_NAME = churabou;
			};
			name = Release;
		};
/* End XCBuildConfiguration section */

/* Begin XCConfigurationList section */
		C9F6727C2036534A00CF2A8A /* Build configuration list for PBXProject "churabou" */ = {
			isa = XCConfigurationList;
			buildConfigurations = (
				C9F672A72036534A00CF2A8A /* Debug */,
				C9F672A82036534A00CF2A8A /* Release */,
			);
			defaultConfigurationIsVisible = 0;
			defaultConfigurationName = Release;
		};
		C9F672A92036534A00CF2A8A /* Build configuration list for PBXNativeTarget "churabou" */ = {
			isa = XCConfigurationList;
			buildConfigurations = (
				C9F672AA2036534A00CF2A8A /* Debug */,
				C9F672AB2036534A00CF2A8A /* Release */,
			);
			defaultConfigurationIsVisible = 0;
			defaultConfigurationName = Release;
		};
		C9F672AC2036534A00CF2A8A /* Build configuration list for PBXNativeTarget "churabouTests" */ = {
			isa = XCConfigurationList;
			buildConfigurations = (
				C9F672AD2036534A00CF2A8A /* Debug */,
				C9F672AE2036534A00CF2A8A /* Release */,
			);
			defaultConfigurationIsVisible = 0;
			defaultConfigurationName = Release;
		};
		C9F672AF2036534A00CF2A8A /* Build configuration list for PBXNativeTarget "churabouUITests" */ = {
			isa = XCConfigurationList;
			buildConfigurations = (
				C9F672B02036534A00CF2A8A /* Debug */,
				C9F672B12036534A00CF2A8A /* Release */,
			);
			defaultConfigurationIsVisible = 0;
			defaultConfigurationName = Release;
		};
/* End XCConfigurationList section */
	};
	rootObject = C9F672792036534A00CF2A8A /* Project object */;
}
