// !$*UTF8*$!
{
	archiveVersion = 1;
	classes = {
	};
	objectVersion = 48;
	objects = {

/* Begin PBXBuildFile section */
		64DE75EE2019A3240056539C /* AppDelegate.swift in Sources */ = {isa = PBXBuildFile; fileRef = 64DE75ED2019A3240056539C /* AppDelegate.swift */; };
		64DE75F02019A3240056539C /* ViewController.swift in Sources */ = {isa = PBXBuildFile; fileRef = 64DE75EF2019A3240056539C /* ViewController.swift */; };
		64DE75F32019A3240056539C /* Main.storyboard in Resources */ = {isa = PBXBuildFile; fileRef = 64DE75F12019A3240056539C /* Main.storyboard */; };
		64DE75F52019A3240056539C /* Assets.xcassets in Resources */ = {isa = PBXBuildFile; fileRef = 64DE75F42019A3240056539C /* Assets.xcassets */; };
		64DE75F82019A3240056539C /* LaunchScreen.storyboard in Resources */ = {isa = PBXBuildFile; fileRef = 64DE75F62019A3240056539C /* LaunchScreen.storyboard */; };
		64DE76032019A3240056539C /* HackathonTests.swift in Sources */ = {isa = PBXBuildFile; fileRef = 64DE76022019A3240056539C /* HackathonTests.swift */; };
		64DE760E2019A3240056539C /* HackathonUITests.swift in Sources */ = {isa = PBXBuildFile; fileRef = 64DE760D2019A3240056539C /* HackathonUITests.swift */; };
/* End PBXBuildFile section */

/* Begin PBXContainerItemProxy section */
		64DE75FF2019A3240056539C /* PBXContainerItemProxy */ = {
			isa = PBXContainerItemProxy;
			containerPortal = 64DE75E22019A3240056539C /* Project object */;
			proxyType = 1;
			remoteGlobalIDString = 64DE75E92019A3240056539C;
			remoteInfo = Hackathon;
		};
		64DE760A2019A3240056539C /* PBXContainerItemProxy */ = {
			isa = PBXContainerItemProxy;
			containerPortal = 64DE75E22019A3240056539C /* Project object */;
			proxyType = 1;
			remoteGlobalIDString = 64DE75E92019A3240056539C;
			remoteInfo = Hackathon;
		};
/* End PBXContainerItemProxy section */

/* Begin PBXFileReference section */
		64DE75EA2019A3240056539C /* Hackathon.app */ = {isa = PBXFileReference; explicitFileType = wrapper.application; includeInIndex = 0; path = Hackathon.app; sourceTree = BUILT_PRODUCTS_DIR; };
		64DE75ED2019A3240056539C /* AppDelegate.swift */ = {isa = PBXFileReference; lastKnownFileType = sourcecode.swift; path = AppDelegate.swift; sourceTree = "<group>"; };
		64DE75EF2019A3240056539C /* ViewController.swift */ = {isa = PBXFileReference; lastKnownFileType = sourcecode.swift; path = ViewController.swift; sourceTree = "<group>"; };
		64DE75F22019A3240056539C /* Base */ = {isa = PBXFileReference; lastKnownFileType = file.storyboard; name = Base; path = Base.lproj/Main.storyboard; sourceTree = "<group>"; };
		64DE75F42019A3240056539C /* Assets.xcassets */ = {isa = PBXFileReference; lastKnownFileType = folder.assetcatalog; path = Assets.xcassets; sourceTree = "<group>"; };
		64DE75F72019A3240056539C /* Base */ = {isa = PBXFileReference; lastKnownFileType = file.storyboard; name = Base; path = Base.lproj/LaunchScreen.storyboard; sourceTree = "<group>"; };
		64DE75F92019A3240056539C /* Info.plist */ = {isa = PBXFileReference; lastKnownFileType = text.plist.xml; path = Info.plist; sourceTree = "<group>"; };
		64DE75FE2019A3240056539C /* HackathonTests.xctest */ = {isa = PBXFileReference; explicitFileType = wrapper.cfbundle; includeInIndex = 0; path = HackathonTests.xctest; sourceTree = BUILT_PRODUCTS_DIR; };
		64DE76022019A3240056539C /* HackathonTests.swift */ = {isa = PBXFileReference; lastKnownFileType = sourcecode.swift; path = HackathonTests.swift; sourceTree = "<group>"; };
		64DE76042019A3240056539C /* Info.plist */ = {isa = PBXFileReference; lastKnownFileType = text.plist.xml; path = Info.plist; sourceTree = "<group>"; };
		64DE76092019A3240056539C /* HackathonUITests.xctest */ = {isa = PBXFileReference; explicitFileType = wrapper.cfbundle; includeInIndex = 0; path = HackathonUITests.xctest; sourceTree = BUILT_PRODUCTS_DIR; };
		64DE760D2019A3240056539C /* HackathonUITests.swift */ = {isa = PBXFileReference; lastKnownFileType = sourcecode.swift; path = HackathonUITests.swift; sourceTree = "<group>"; };
		64DE760F2019A3240056539C /* Info.plist */ = {isa = PBXFileReference; lastKnownFileType = text.plist.xml; path = Info.plist; sourceTree = "<group>"; };
/* End PBXFileReference section */

/* Begin PBXFrameworksBuildPhase section */
		64DE75E72019A3240056539C /* Frameworks */ = {
			isa = PBXFrameworksBuildPhase;
			buildActionMask = 2147483647;
			files = (
			);
			runOnlyForDeploymentPostprocessing = 0;
		};
		64DE75FB2019A3240056539C /* Frameworks */ = {
			isa = PBXFrameworksBuildPhase;
			buildActionMask = 2147483647;
			files = (
			);
			runOnlyForDeploymentPostprocessing = 0;
		};
		64DE76062019A3240056539C /* Frameworks */ = {
			isa = PBXFrameworksBuildPhase;
			buildActionMask = 2147483647;
			files = (
			);
			runOnlyForDeploymentPostprocessing = 0;
		};
/* End PBXFrameworksBuildPhase section */

/* Begin PBXGroup section */
		64DE75E12019A3240056539C = {
			isa = PBXGroup;
			children = (
				64DE75EC2019A3240056539C /* Hackathon */,
				64DE76012019A3240056539C /* HackathonTests */,
				64DE760C2019A3240056539C /* HackathonUITests */,
				64DE75EB2019A3240056539C /* Products */,
			);
			sourceTree = "<group>";
		};
		64DE75EB2019A3240056539C /* Products */ = {
			isa = PBXGroup;
			children = (
				64DE75EA2019A3240056539C /* Hackathon.app */,
				64DE75FE2019A3240056539C /* HackathonTests.xctest */,
				64DE76092019A3240056539C /* HackathonUITests.xctest */,
			);
			name = Products;
			sourceTree = "<group>";
		};
		64DE75EC2019A3240056539C /* Hackathon */ = {
			isa = PBXGroup;
			children = (
				64DE75ED2019A3240056539C /* AppDelegate.swift */,
				64DE75EF2019A3240056539C /* ViewController.swift */,
				64DE75F12019A3240056539C /* Main.storyboard */,
				64DE75F42019A3240056539C /* Assets.xcassets */,
				64DE75F62019A3240056539C /* LaunchScreen.storyboard */,
				64DE75F92019A3240056539C /* Info.plist */,
			);
			path = Hackathon;
			sourceTree = "<group>";
		};
		64DE76012019A3240056539C /* HackathonTests */ = {
			isa = PBXGroup;
			children = (
				64DE76022019A3240056539C /* HackathonTests.swift */,
				64DE76042019A3240056539C /* Info.plist */,
			);
			path = HackathonTests;
			sourceTree = "<group>";
		};
		64DE760C2019A3240056539C /* HackathonUITests */ = {
			isa = PBXGroup;
			children = (
				64DE760D2019A3240056539C /* HackathonUITests.swift */,
				64DE760F2019A3240056539C /* Info.plist */,
			);
			path = HackathonUITests;
			sourceTree = "<group>";
		};
/* End PBXGroup section */

/* Begin PBXNativeTarget section */
		64DE75E92019A3240056539C /* Hackathon */ = {
			isa = PBXNativeTarget;
			buildConfigurationList = 64DE76122019A3240056539C /* Build configuration list for PBXNativeTarget "Hackathon" */;
			buildPhases = (
				64DE75E62019A3240056539C /* Sources */,
				64DE75E72019A3240056539C /* Frameworks */,
				64DE75E82019A3240056539C /* Resources */,
			);
			buildRules = (
			);
			dependencies = (
			);
			name = Hackathon;
			productName = Hackathon;
			productReference = 64DE75EA2019A3240056539C /* Hackathon.app */;
			productType = "com.apple.product-type.application";
		};
		64DE75FD2019A3240056539C /* HackathonTests */ = {
			isa = PBXNativeTarget;
			buildConfigurationList = 64DE76152019A3240056539C /* Build configuration list for PBXNativeTarget "HackathonTests" */;
			buildPhases = (
				64DE75FA2019A3240056539C /* Sources */,
				64DE75FB2019A3240056539C /* Frameworks */,
				64DE75FC2019A3240056539C /* Resources */,
			);
			buildRules = (
			);
			dependencies = (
				64DE76002019A3240056539C /* PBXTargetDependency */,
			);
			name = HackathonTests;
			productName = HackathonTests;
			productReference = 64DE75FE2019A3240056539C /* HackathonTests.xctest */;
			productType = "com.apple.product-type.bundle.unit-test";
		};
		64DE76082019A3240056539C /* HackathonUITests */ = {
			isa = PBXNativeTarget;
			buildConfigurationList = 64DE76182019A3240056539C /* Build configuration list for PBXNativeTarget "HackathonUITests" */;
			buildPhases = (
				64DE76052019A3240056539C /* Sources */,
				64DE76062019A3240056539C /* Frameworks */,
				64DE76072019A3240056539C /* Resources */,
			);
			buildRules = (
			);
			dependencies = (
				64DE760B2019A3240056539C /* PBXTargetDependency */,
			);
			name = HackathonUITests;
			productName = HackathonUITests;
			productReference = 64DE76092019A3240056539C /* HackathonUITests.xctest */;
			productType = "com.apple.product-type.bundle.ui-testing";
		};
/* End PBXNativeTarget section */

/* Begin PBXProject section */
		64DE75E22019A3240056539C /* Project object */ = {
			isa = PBXProject;
			attributes = {
				LastSwiftUpdateCheck = 0920;
				LastUpgradeCheck = 0920;
				ORGANIZATIONNAME = "Tomoya Matsuyama";
				TargetAttributes = {
					64DE75E92019A3240056539C = {
						CreatedOnToolsVersion = 9.2;
						ProvisioningStyle = Automatic;
					};
					64DE75FD2019A3240056539C = {
						CreatedOnToolsVersion = 9.2;
						ProvisioningStyle = Automatic;
						TestTargetID = 64DE75E92019A3240056539C;
					};
					64DE76082019A3240056539C = {
						CreatedOnToolsVersion = 9.2;
						ProvisioningStyle = Automatic;
						TestTargetID = 64DE75E92019A3240056539C;
					};
				};
			};
			buildConfigurationList = 64DE75E52019A3240056539C /* Build configuration list for PBXProject "Hackathon" */;
			compatibilityVersion = "Xcode 8.0";
			developmentRegion = en;
			hasScannedForEncodings = 0;
			knownRegions = (
				en,
				Base,
			);
			mainGroup = 64DE75E12019A3240056539C;
			productRefGroup = 64DE75EB2019A3240056539C /* Products */;
			projectDirPath = "";
			projectRoot = "";
			targets = (
				64DE75E92019A3240056539C /* Hackathon */,
				64DE75FD2019A3240056539C /* HackathonTests */,
				64DE76082019A3240056539C /* HackathonUITests */,
			);
		};
/* End PBXProject section */

/* Begin PBXResourcesBuildPhase section */
		64DE75E82019A3240056539C /* Resources */ = {
			isa = PBXResourcesBuildPhase;
			buildActionMask = 2147483647;
			files = (
				64DE75F82019A3240056539C /* LaunchScreen.storyboard in Resources */,
				64DE75F52019A3240056539C /* Assets.xcassets in Resources */,
				64DE75F32019A3240056539C /* Main.storyboard in Resources */,
			);
			runOnlyForDeploymentPostprocessing = 0;
		};
		64DE75FC2019A3240056539C /* Resources */ = {
			isa = PBXResourcesBuildPhase;
			buildActionMask = 2147483647;
			files = (
			);
			runOnlyForDeploymentPostprocessing = 0;
		};
		64DE76072019A3240056539C /* Resources */ = {
			isa = PBXResourcesBuildPhase;
			buildActionMask = 2147483647;
			files = (
			);
			runOnlyForDeploymentPostprocessing = 0;
		};
/* End PBXResourcesBuildPhase section */

/* Begin PBXSourcesBuildPhase section */
		64DE75E62019A3240056539C /* Sources */ = {
			isa = PBXSourcesBuildPhase;
			buildActionMask = 2147483647;
			files = (
				64DE75F02019A3240056539C /* ViewController.swift in Sources */,
				64DE75EE2019A3240056539C /* AppDelegate.swift in Sources */,
			);
			runOnlyForDeploymentPostprocessing = 0;
		};
		64DE75FA2019A3240056539C /* Sources */ = {
			isa = PBXSourcesBuildPhase;
			buildActionMask = 2147483647;
			files = (
				64DE76032019A3240056539C /* HackathonTests.swift in Sources */,
			);
			runOnlyForDeploymentPostprocessing = 0;
		};
		64DE76052019A3240056539C /* Sources */ = {
			isa = PBXSourcesBuildPhase;
			buildActionMask = 2147483647;
			files = (
				64DE760E2019A3240056539C /* HackathonUITests.swift in Sources */,
			);
			runOnlyForDeploymentPostprocessing = 0;
		};
/* End PBXSourcesBuildPhase section */

/* Begin PBXTargetDependency section */
		64DE76002019A3240056539C /* PBXTargetDependency */ = {
			isa = PBXTargetDependency;
			target = 64DE75E92019A3240056539C /* Hackathon */;
			targetProxy = 64DE75FF2019A3240056539C /* PBXContainerItemProxy */;
		};
		64DE760B2019A3240056539C /* PBXTargetDependency */ = {
			isa = PBXTargetDependency;
			target = 64DE75E92019A3240056539C /* Hackathon */;
			targetProxy = 64DE760A2019A3240056539C /* PBXContainerItemProxy */;
		};
/* End PBXTargetDependency section */

/* Begin PBXVariantGroup section */
		64DE75F12019A3240056539C /* Main.storyboard */ = {
			isa = PBXVariantGroup;
			children = (
				64DE75F22019A3240056539C /* Base */,
			);
			name = Main.storyboard;
			sourceTree = "<group>";
		};
		64DE75F62019A3240056539C /* LaunchScreen.storyboard */ = {
			isa = PBXVariantGroup;
			children = (
				64DE75F72019A3240056539C /* Base */,
			);
			name = LaunchScreen.storyboard;
			sourceTree = "<group>";
		};
/* End PBXVariantGroup section */

/* Begin XCBuildConfiguration section */
		64DE76102019A3240056539C /* Debug */ = {
			isa = XCBuildConfiguration;
			buildSettings = {
				ALWAYS_SEARCH_USER_PATHS = NO;
				CLANG_ANALYZER_NONNULL = YES;
				CLANG_ANALYZER_NUMBER_OBJECT_CONVERSION = YES_AGGRESSIVE;
				CLANG_CXX_LANGUAGE_STANDARD = "gnu++14";
				CLANG_CXX_LIBRARY = "libc++";
				CLANG_ENABLE_MODULES = YES;
				CLANG_ENABLE_OBJC_ARC = YES;
				CLANG_WARN_BLOCK_CAPTURE_AUTORELEASING = YES;
				CLANG_WARN_BOOL_CONVERSION = YES;
				CLANG_WARN_COMMA = YES;
				CLANG_WARN_CONSTANT_CONVERSION = YES;
				CLANG_WARN_DIRECT_OBJC_ISA_USAGE = YES_ERROR;
				CLANG_WARN_DOCUMENTATION_COMMENTS = YES;
				CLANG_WARN_EMPTY_BODY = YES;
				CLANG_WARN_ENUM_CONVERSION = YES;
				CLANG_WARN_INFINITE_RECURSION = YES;
				CLANG_WARN_INT_CONVERSION = YES;
				CLANG_WARN_NON_LITERAL_NULL_CONVERSION = YES;
				CLANG_WARN_OBJC_LITERAL_CONVERSION = YES;
				CLANG_WARN_OBJC_ROOT_CLASS = YES_ERROR;
				CLANG_WARN_RANGE_LOOP_ANALYSIS = YES;
				CLANG_WARN_STRICT_PROTOTYPES = YES;
				CLANG_WARN_SUSPICIOUS_MOVE = YES;
				CLANG_WARN_UNGUARDED_AVAILABILITY = YES_AGGRESSIVE;
				CLANG_WARN_UNREACHABLE_CODE = YES;
				CLANG_WARN__DUPLICATE_METHOD_MATCH = YES;
				CODE_SIGN_IDENTITY = "iPhone Developer";
				COPY_PHASE_STRIP = NO;
				DEBUG_INFORMATION_FORMAT = dwarf;
				ENABLE_STRICT_OBJC_MSGSEND = YES;
				ENABLE_TESTABILITY = YES;
				GCC_C_LANGUAGE_STANDARD = gnu11;
				GCC_DYNAMIC_NO_PIC = NO;
				GCC_NO_COMMON_BLOCKS = YES;
				GCC_OPTIMIZATION_LEVEL = 0;
				GCC_PREPROCESSOR_DEFINITIONS = (
					"DEBUG=1",
					"$(inherited)",
				);
				GCC_WARN_64_TO_32_BIT_CONVERSION = YES;
				GCC_WARN_ABOUT_RETURN_TYPE = YES_ERROR;
				GCC_WARN_UNDECLARED_SELECTOR = YES;
				GCC_WARN_UNINITIALIZED_AUTOS = YES_AGGRESSIVE;
				GCC_WARN_UNUSED_FUNCTION = YES;
				GCC_WARN_UNUSED_VARIABLE = YES;
				IPHONEOS_DEPLOYMENT_TARGET = 11.2;
				MTL_ENABLE_DEBUG_INFO = YES;
				ONLY_ACTIVE_ARCH = YES;
				SDKROOT = iphoneos;
				SWIFT_ACTIVE_COMPILATION_CONDITIONS = DEBUG;
				SWIFT_OPTIMIZATION_LEVEL = "-Onone";
			};
			name = Debug;
		};
		64DE76112019A3240056539C /* Release */ = {
			isa = XCBuildConfiguration;
			buildSettings = {
				ALWAYS_SEARCH_USER_PATHS = NO;
				CLANG_ANALYZER_NONNULL = YES;
				CLANG_ANALYZER_NUMBER_OBJECT_CONVERSION = YES_AGGRESSIVE;
				CLANG_CXX_LANGUAGE_STANDARD = "gnu++14";
				CLANG_CXX_LIBRARY = "libc++";
				CLANG_ENABLE_MODULES = YES;
				CLANG_ENABLE_OBJC_ARC = YES;
				CLANG_WARN_BLOCK_CAPTURE_AUTORELEASING = YES;
				CLANG_WARN_BOOL_CONVERSION = YES;
				CLANG_WARN_COMMA = YES;
				CLANG_WARN_CONSTANT_CONVERSION = YES;
				CLANG_WARN_DIRECT_OBJC_ISA_USAGE = YES_ERROR;
				CLANG_WARN_DOCUMENTATION_COMMENTS = YES;
				CLANG_WARN_EMPTY_BODY = YES;
				CLANG_WARN_ENUM_CONVERSION = YES;
				CLANG_WARN_INFINITE_RECURSION = YES;
				CLANG_WARN_INT_CONVERSION = YES;
				CLANG_WARN_NON_LITERAL_NULL_CONVERSION = YES;
				CLANG_WARN_OBJC_LITERAL_CONVERSION = YES;
				CLANG_WARN_OBJC_ROOT_CLASS = YES_ERROR;
				CLANG_WARN_RANGE_LOOP_ANALYSIS = YES;
				CLANG_WARN_STRICT_PROTOTYPES = YES;
				CLANG_WARN_SUSPICIOUS_MOVE = YES;
				CLANG_WARN_UNGUARDED_AVAILABILITY = YES_AGGRESSIVE;
				CLANG_WARN_UNREACHABLE_CODE = YES;
				CLANG_WARN__DUPLICATE_METHOD_MATCH = YES;
				CODE_SIGN_IDENTITY = "iPhone Developer";
				COPY_PHASE_STRIP = NO;
				DEBUG_INFORMATION_FORMAT = "dwarf-with-dsym";
				ENABLE_NS_ASSERTIONS = NO;
				ENABLE_STRICT_OBJC_MSGSEND = YES;
				GCC_C_LANGUAGE_STANDARD = gnu11;
				GCC_NO_COMMON_BLOCKS = YES;
				GCC_WARN_64_TO_32_BIT_CONVERSION = YES;
				GCC_WARN_ABOUT_RETURN_TYPE = YES_ERROR;
				GCC_WARN_UNDECLARED_SELECTOR = YES;
				GCC_WARN_UNINITIALIZED_AUTOS = YES_AGGRESSIVE;
				GCC_WARN_UNUSED_FUNCTION = YES;
				GCC_WARN_UNUSED_VARIABLE = YES;
				IPHONEOS_DEPLOYMENT_TARGET = 11.2;
				MTL_ENABLE_DEBUG_INFO = NO;
				SDKROOT = iphoneos;
				SWIFT_OPTIMIZATION_LEVEL = "-Owholemodule";
				VALIDATE_PRODUCT = YES;
			};
			name = Release;
		};
		64DE76132019A3240056539C /* Debug */ = {
			isa = XCBuildConfiguration;
			buildSettings = {
				ASSETCATALOG_COMPILER_APPICON_NAME = AppIcon;
				CODE_SIGN_STYLE = Automatic;
				DEVELOPMENT_TEAM = 2JF5KR89B3;
				INFOPLIST_FILE = Hackathon/Info.plist;
				LD_RUNPATH_SEARCH_PATHS = "$(inherited) @executable_path/Frameworks";
				PRODUCT_BUNDLE_IDENTIFIER = Matsuyama.Hackathon;
				PRODUCT_NAME = "$(TARGET_NAME)";
				SWIFT_VERSION = 4.0;
				TARGETED_DEVICE_FAMILY = "1,2";
			};
			name = Debug;
		};
		64DE76142019A3240056539C /* Release */ = {
			isa = XCBuildConfiguration;
			buildSettings = {
				ASSETCATALOG_COMPILER_APPICON_NAME = AppIcon;
				CODE_SIGN_STYLE = Automatic;
				DEVELOPMENT_TEAM = 2JF5KR89B3;
				INFOPLIST_FILE = Hackathon/Info.plist;
				LD_RUNPATH_SEARCH_PATHS = "$(inherited) @executable_path/Frameworks";
				PRODUCT_BUNDLE_IDENTIFIER = Matsuyama.Hackathon;
				PRODUCT_NAME = "$(TARGET_NAME)";
				SWIFT_VERSION = 4.0;
				TARGETED_DEVICE_FAMILY = "1,2";
			};
			name = Release;
		};
		64DE76162019A3240056539C /* Debug */ = {
			isa = XCBuildConfiguration;
			buildSettings = {
				ALWAYS_EMBED_SWIFT_STANDARD_LIBRARIES = YES;
				BUNDLE_LOADER = "$(TEST_HOST)";
				CODE_SIGN_STYLE = Automatic;
				DEVELOPMENT_TEAM = 2JF5KR89B3;
				INFOPLIST_FILE = HackathonTests/Info.plist;
				LD_RUNPATH_SEARCH_PATHS = "$(inherited) @executable_path/Frameworks @loader_path/Frameworks";
				PRODUCT_BUNDLE_IDENTIFIER = Matsuyama.HackathonTests;
				PRODUCT_NAME = "$(TARGET_NAME)";
				SWIFT_VERSION = 4.0;
				TARGETED_DEVICE_FAMILY = "1,2";
				TEST_HOST = "$(BUILT_PRODUCTS_DIR)/Hackathon.app/Hackathon";
			};
			name = Debug;
		};
		64DE76172019A3240056539C /* Release */ = {
			isa = XCBuildConfiguration;
			buildSettings = {
				ALWAYS_EMBED_SWIFT_STANDARD_LIBRARIES = YES;
				BUNDLE_LOADER = "$(TEST_HOST)";
				CODE_SIGN_STYLE = Automatic;
				DEVELOPMENT_TEAM = 2JF5KR89B3;
				INFOPLIST_FILE = HackathonTests/Info.plist;
				LD_RUNPATH_SEARCH_PATHS = "$(inherited) @executable_path/Frameworks @loader_path/Frameworks";
				PRODUCT_BUNDLE_IDENTIFIER = Matsuyama.HackathonTests;
				PRODUCT_NAME = "$(TARGET_NAME)";
				SWIFT_VERSION = 4.0;
				TARGETED_DEVICE_FAMILY = "1,2";
				TEST_HOST = "$(BUILT_PRODUCTS_DIR)/Hackathon.app/Hackathon";
			};
			name = Release;
		};
		64DE76192019A3240056539C /* Debug */ = {
			isa = XCBuildConfiguration;
			buildSettings = {
				ALWAYS_EMBED_SWIFT_STANDARD_LIBRARIES = YES;
				CODE_SIGN_STYLE = Automatic;
				DEVELOPMENT_TEAM = 2JF5KR89B3;
				INFOPLIST_FILE = HackathonUITests/Info.plist;
				LD_RUNPATH_SEARCH_PATHS = "$(inherited) @executable_path/Frameworks @loader_path/Frameworks";
				PRODUCT_BUNDLE_IDENTIFIER = Matsuyama.HackathonUITests;
				PRODUCT_NAME = "$(TARGET_NAME)";
				SWIFT_VERSION = 4.0;
				TARGETED_DEVICE_FAMILY = "1,2";
				TEST_TARGET_NAME = Hackathon;
			};
			name = Debug;
		};
		64DE761A2019A3240056539C /* Release */ = {
			isa = XCBuildConfiguration;
			buildSettings = {
				ALWAYS_EMBED_SWIFT_STANDARD_LIBRARIES = YES;
				CODE_SIGN_STYLE = Automatic;
				DEVELOPMENT_TEAM = 2JF5KR89B3;
				INFOPLIST_FILE = HackathonUITests/Info.plist;
				LD_RUNPATH_SEARCH_PATHS = "$(inherited) @executable_path/Frameworks @loader_path/Frameworks";
				PRODUCT_BUNDLE_IDENTIFIER = Matsuyama.HackathonUITests;
				PRODUCT_NAME = "$(TARGET_NAME)";
				SWIFT_VERSION = 4.0;
				TARGETED_DEVICE_FAMILY = "1,2";
				TEST_TARGET_NAME = Hackathon;
			};
			name = Release;
		};
/* End XCBuildConfiguration section */

/* Begin XCConfigurationList section */
		64DE75E52019A3240056539C /* Build configuration list for PBXProject "Hackathon" */ = {
			isa = XCConfigurationList;
			buildConfigurations = (
				64DE76102019A3240056539C /* Debug */,
				64DE76112019A3240056539C /* Release */,
			);
			defaultConfigurationIsVisible = 0;
			defaultConfigurationName = Release;
		};
		64DE76122019A3240056539C /* Build configuration list for PBXNativeTarget "Hackathon" */ = {
			isa = XCConfigurationList;
			buildConfigurations = (
				64DE76132019A3240056539C /* Debug */,
				64DE76142019A3240056539C /* Release */,
			);
			defaultConfigurationIsVisible = 0;
			defaultConfigurationName = Release;
		};
		64DE76152019A3240056539C /* Build configuration list for PBXNativeTarget "HackathonTests" */ = {
			isa = XCConfigurationList;
			buildConfigurations = (
				64DE76162019A3240056539C /* Debug */,
				64DE76172019A3240056539C /* Release */,
			);
			defaultConfigurationIsVisible = 0;
			defaultConfigurationName = Release;
		};
		64DE76182019A3240056539C /* Build configuration list for PBXNativeTarget "HackathonUITests" */ = {
			isa = XCConfigurationList;
			buildConfigurations = (
				64DE76192019A3240056539C /* Debug */,
				64DE761A2019A3240056539C /* Release */,
			);
			defaultConfigurationIsVisible = 0;
			defaultConfigurationName = Release;
		};
/* End XCConfigurationList section */
	};
	rootObject = 64DE75E22019A3240056539C /* Project object */;
}
