// !$*UTF8*$!
{
	archiveVersion = 1;
	classes = {
	};
	objectVersion = 48;
	objects = {

/* Begin PBXBuildFile section */
		CCF0170B200CA68B00FDEC1B /* AppDelegate.swift in Sources */ = {isa = PBXBuildFile; fileRef = CCF0170A200CA68B00FDEC1B /* AppDelegate.swift */; };
		CCF0170D200CA68B00FDEC1B /* ViewController.swift in Sources */ = {isa = PBXBuildFile; fileRef = CCF0170C200CA68B00FDEC1B /* ViewController.swift */; };
		CCF01710200CA68B00FDEC1B /* Main.storyboard in Resources */ = {isa = PBXBuildFile; fileRef = CCF0170E200CA68B00FDEC1B /* Main.storyboard */; };
		CCF01712200CA68B00FDEC1B /* Assets.xcassets in Resources */ = {isa = PBXBuildFile; fileRef = CCF01711200CA68B00FDEC1B /* Assets.xcassets */; };
		CCF01715200CA68B00FDEC1B /* LaunchScreen.storyboard in Resources */ = {isa = PBXBuildFile; fileRef = CCF01713200CA68B00FDEC1B /* LaunchScreen.storyboard */; };
		CCF01720200CA68C00FDEC1B /* tomoyukiHayakawaTests.swift in Sources */ = {isa = PBXBuildFile; fileRef = CCF0171F200CA68C00FDEC1B /* tomoyukiHayakawaTests.swift */; };
		CCF0172B200CA68C00FDEC1B /* tomoyukiHayakawaUITests.swift in Sources */ = {isa = PBXBuildFile; fileRef = CCF0172A200CA68C00FDEC1B /* tomoyukiHayakawaUITests.swift */; };
/* End PBXBuildFile section */

/* Begin PBXContainerItemProxy section */
		CCF0171C200CA68B00FDEC1B /* PBXContainerItemProxy */ = {
			isa = PBXContainerItemProxy;
			containerPortal = CCF016FF200CA68B00FDEC1B /* Project object */;
			proxyType = 1;
			remoteGlobalIDString = CCF01706200CA68B00FDEC1B;
			remoteInfo = tomoyukiHayakawa;
		};
		CCF01727200CA68C00FDEC1B /* PBXContainerItemProxy */ = {
			isa = PBXContainerItemProxy;
			containerPortal = CCF016FF200CA68B00FDEC1B /* Project object */;
			proxyType = 1;
			remoteGlobalIDString = CCF01706200CA68B00FDEC1B;
			remoteInfo = tomoyukiHayakawa;
		};
/* End PBXContainerItemProxy section */

/* Begin PBXFileReference section */
		CCF01707200CA68B00FDEC1B /* tomoyukiHayakawa.app */ = {isa = PBXFileReference; explicitFileType = wrapper.application; includeInIndex = 0; path = tomoyukiHayakawa.app; sourceTree = BUILT_PRODUCTS_DIR; };
		CCF0170A200CA68B00FDEC1B /* AppDelegate.swift */ = {isa = PBXFileReference; lastKnownFileType = sourcecode.swift; path = AppDelegate.swift; sourceTree = "<group>"; };
		CCF0170C200CA68B00FDEC1B /* ViewController.swift */ = {isa = PBXFileReference; lastKnownFileType = sourcecode.swift; path = ViewController.swift; sourceTree = "<group>"; };
		CCF0170F200CA68B00FDEC1B /* Base */ = {isa = PBXFileReference; lastKnownFileType = file.storyboard; name = Base; path = Base.lproj/Main.storyboard; sourceTree = "<group>"; };
		CCF01711200CA68B00FDEC1B /* Assets.xcassets */ = {isa = PBXFileReference; lastKnownFileType = folder.assetcatalog; path = Assets.xcassets; sourceTree = "<group>"; };
		CCF01714200CA68B00FDEC1B /* Base */ = {isa = PBXFileReference; lastKnownFileType = file.storyboard; name = Base; path = Base.lproj/LaunchScreen.storyboard; sourceTree = "<group>"; };
		CCF01716200CA68B00FDEC1B /* Info.plist */ = {isa = PBXFileReference; lastKnownFileType = text.plist.xml; path = Info.plist; sourceTree = "<group>"; };
		CCF0171B200CA68B00FDEC1B /* tomoyukiHayakawaTests.xctest */ = {isa = PBXFileReference; explicitFileType = wrapper.cfbundle; includeInIndex = 0; path = tomoyukiHayakawaTests.xctest; sourceTree = BUILT_PRODUCTS_DIR; };
		CCF0171F200CA68C00FDEC1B /* tomoyukiHayakawaTests.swift */ = {isa = PBXFileReference; lastKnownFileType = sourcecode.swift; path = tomoyukiHayakawaTests.swift; sourceTree = "<group>"; };
		CCF01721200CA68C00FDEC1B /* Info.plist */ = {isa = PBXFileReference; lastKnownFileType = text.plist.xml; path = Info.plist; sourceTree = "<group>"; };
		CCF01726200CA68C00FDEC1B /* tomoyukiHayakawaUITests.xctest */ = {isa = PBXFileReference; explicitFileType = wrapper.cfbundle; includeInIndex = 0; path = tomoyukiHayakawaUITests.xctest; sourceTree = BUILT_PRODUCTS_DIR; };
		CCF0172A200CA68C00FDEC1B /* tomoyukiHayakawaUITests.swift */ = {isa = PBXFileReference; lastKnownFileType = sourcecode.swift; path = tomoyukiHayakawaUITests.swift; sourceTree = "<group>"; };
		CCF0172C200CA68C00FDEC1B /* Info.plist */ = {isa = PBXFileReference; lastKnownFileType = text.plist.xml; path = Info.plist; sourceTree = "<group>"; };
/* End PBXFileReference section */

/* Begin PBXFrameworksBuildPhase section */
		CCF01704200CA68B00FDEC1B /* Frameworks */ = {
			isa = PBXFrameworksBuildPhase;
			buildActionMask = 2147483647;
			files = (
			);
			runOnlyForDeploymentPostprocessing = 0;
		};
		CCF01718200CA68B00FDEC1B /* Frameworks */ = {
			isa = PBXFrameworksBuildPhase;
			buildActionMask = 2147483647;
			files = (
			);
			runOnlyForDeploymentPostprocessing = 0;
		};
		CCF01723200CA68C00FDEC1B /* Frameworks */ = {
			isa = PBXFrameworksBuildPhase;
			buildActionMask = 2147483647;
			files = (
			);
			runOnlyForDeploymentPostprocessing = 0;
		};
/* End PBXFrameworksBuildPhase section */

/* Begin PBXGroup section */
		CCF016FE200CA68B00FDEC1B = {
			isa = PBXGroup;
			children = (
				CCF01709200CA68B00FDEC1B /* tomoyukiHayakawa */,
				CCF0171E200CA68C00FDEC1B /* tomoyukiHayakawaTests */,
				CCF01729200CA68C00FDEC1B /* tomoyukiHayakawaUITests */,
				CCF01708200CA68B00FDEC1B /* Products */,
			);
			sourceTree = "<group>";
		};
		CCF01708200CA68B00FDEC1B /* Products */ = {
			isa = PBXGroup;
			children = (
				CCF01707200CA68B00FDEC1B /* tomoyukiHayakawa.app */,
				CCF0171B200CA68B00FDEC1B /* tomoyukiHayakawaTests.xctest */,
				CCF01726200CA68C00FDEC1B /* tomoyukiHayakawaUITests.xctest */,
			);
			name = Products;
			sourceTree = "<group>";
		};
		CCF01709200CA68B00FDEC1B /* tomoyukiHayakawa */ = {
			isa = PBXGroup;
			children = (
				CCF0170A200CA68B00FDEC1B /* AppDelegate.swift */,
				CCF0170C200CA68B00FDEC1B /* ViewController.swift */,
				CCF0170E200CA68B00FDEC1B /* Main.storyboard */,
				CCF01711200CA68B00FDEC1B /* Assets.xcassets */,
				CCF01713200CA68B00FDEC1B /* LaunchScreen.storyboard */,
				CCF01716200CA68B00FDEC1B /* Info.plist */,
			);
			path = tomoyukiHayakawa;
			sourceTree = "<group>";
		};
		CCF0171E200CA68C00FDEC1B /* tomoyukiHayakawaTests */ = {
			isa = PBXGroup;
			children = (
				CCF0171F200CA68C00FDEC1B /* tomoyukiHayakawaTests.swift */,
				CCF01721200CA68C00FDEC1B /* Info.plist */,
			);
			path = tomoyukiHayakawaTests;
			sourceTree = "<group>";
		};
		CCF01729200CA68C00FDEC1B /* tomoyukiHayakawaUITests */ = {
			isa = PBXGroup;
			children = (
				CCF0172A200CA68C00FDEC1B /* tomoyukiHayakawaUITests.swift */,
				CCF0172C200CA68C00FDEC1B /* Info.plist */,
			);
			path = tomoyukiHayakawaUITests;
			sourceTree = "<group>";
		};
/* End PBXGroup section */

/* Begin PBXNativeTarget section */
		CCF01706200CA68B00FDEC1B /* tomoyukiHayakawa */ = {
			isa = PBXNativeTarget;
			buildConfigurationList = CCF0172F200CA68C00FDEC1B /* Build configuration list for PBXNativeTarget "tomoyukiHayakawa" */;
			buildPhases = (
				CCF01703200CA68B00FDEC1B /* Sources */,
				CCF01704200CA68B00FDEC1B /* Frameworks */,
				CCF01705200CA68B00FDEC1B /* Resources */,
			);
			buildRules = (
			);
			dependencies = (
			);
			name = tomoyukiHayakawa;
			productName = tomoyukiHayakawa;
			productReference = CCF01707200CA68B00FDEC1B /* tomoyukiHayakawa.app */;
			productType = "com.apple.product-type.application";
		};
		CCF0171A200CA68B00FDEC1B /* tomoyukiHayakawaTests */ = {
			isa = PBXNativeTarget;
			buildConfigurationList = CCF01732200CA68C00FDEC1B /* Build configuration list for PBXNativeTarget "tomoyukiHayakawaTests" */;
			buildPhases = (
				CCF01717200CA68B00FDEC1B /* Sources */,
				CCF01718200CA68B00FDEC1B /* Frameworks */,
				CCF01719200CA68B00FDEC1B /* Resources */,
			);
			buildRules = (
			);
			dependencies = (
				CCF0171D200CA68B00FDEC1B /* PBXTargetDependency */,
			);
			name = tomoyukiHayakawaTests;
			productName = tomoyukiHayakawaTests;
			productReference = CCF0171B200CA68B00FDEC1B /* tomoyukiHayakawaTests.xctest */;
			productType = "com.apple.product-type.bundle.unit-test";
		};
		CCF01725200CA68C00FDEC1B /* tomoyukiHayakawaUITests */ = {
			isa = PBXNativeTarget;
			buildConfigurationList = CCF01735200CA68C00FDEC1B /* Build configuration list for PBXNativeTarget "tomoyukiHayakawaUITests" */;
			buildPhases = (
				CCF01722200CA68C00FDEC1B /* Sources */,
				CCF01723200CA68C00FDEC1B /* Frameworks */,
				CCF01724200CA68C00FDEC1B /* Resources */,
			);
			buildRules = (
			);
			dependencies = (
				CCF01728200CA68C00FDEC1B /* PBXTargetDependency */,
			);
			name = tomoyukiHayakawaUITests;
			productName = tomoyukiHayakawaUITests;
			productReference = CCF01726200CA68C00FDEC1B /* tomoyukiHayakawaUITests.xctest */;
			productType = "com.apple.product-type.bundle.ui-testing";
		};
/* End PBXNativeTarget section */

/* Begin PBXProject section */
		CCF016FF200CA68B00FDEC1B /* Project object */ = {
			isa = PBXProject;
			attributes = {
				LastSwiftUpdateCheck = 0920;
				LastUpgradeCheck = 0920;
				ORGANIZATIONNAME = "Tomoyuki Hayakawa";
				TargetAttributes = {
					CCF01706200CA68B00FDEC1B = {
						CreatedOnToolsVersion = 9.2;
						ProvisioningStyle = Automatic;
					};
					CCF0171A200CA68B00FDEC1B = {
						CreatedOnToolsVersion = 9.2;
						ProvisioningStyle = Automatic;
						TestTargetID = CCF01706200CA68B00FDEC1B;
					};
					CCF01725200CA68C00FDEC1B = {
						CreatedOnToolsVersion = 9.2;
						ProvisioningStyle = Automatic;
						TestTargetID = CCF01706200CA68B00FDEC1B;
					};
				};
			};
			buildConfigurationList = CCF01702200CA68B00FDEC1B /* Build configuration list for PBXProject "tomoyukiHayakawa" */;
			compatibilityVersion = "Xcode 8.0";
			developmentRegion = en;
			hasScannedForEncodings = 0;
			knownRegions = (
				en,
				Base,
			);
			mainGroup = CCF016FE200CA68B00FDEC1B;
			productRefGroup = CCF01708200CA68B00FDEC1B /* Products */;
			projectDirPath = "";
			projectRoot = "";
			targets = (
				CCF01706200CA68B00FDEC1B /* tomoyukiHayakawa */,
				CCF0171A200CA68B00FDEC1B /* tomoyukiHayakawaTests */,
				CCF01725200CA68C00FDEC1B /* tomoyukiHayakawaUITests */,
			);
		};
/* End PBXProject section */

/* Begin PBXResourcesBuildPhase section */
		CCF01705200CA68B00FDEC1B /* Resources */ = {
			isa = PBXResourcesBuildPhase;
			buildActionMask = 2147483647;
			files = (
				CCF01715200CA68B00FDEC1B /* LaunchScreen.storyboard in Resources */,
				CCF01712200CA68B00FDEC1B /* Assets.xcassets in Resources */,
				CCF01710200CA68B00FDEC1B /* Main.storyboard in Resources */,
			);
			runOnlyForDeploymentPostprocessing = 0;
		};
		CCF01719200CA68B00FDEC1B /* Resources */ = {
			isa = PBXResourcesBuildPhase;
			buildActionMask = 2147483647;
			files = (
			);
			runOnlyForDeploymentPostprocessing = 0;
		};
		CCF01724200CA68C00FDEC1B /* Resources */ = {
			isa = PBXResourcesBuildPhase;
			buildActionMask = 2147483647;
			files = (
			);
			runOnlyForDeploymentPostprocessing = 0;
		};
/* End PBXResourcesBuildPhase section */

/* Begin PBXSourcesBuildPhase section */
		CCF01703200CA68B00FDEC1B /* Sources */ = {
			isa = PBXSourcesBuildPhase;
			buildActionMask = 2147483647;
			files = (
				CCF0170D200CA68B00FDEC1B /* ViewController.swift in Sources */,
				CCF0170B200CA68B00FDEC1B /* AppDelegate.swift in Sources */,
			);
			runOnlyForDeploymentPostprocessing = 0;
		};
		CCF01717200CA68B00FDEC1B /* Sources */ = {
			isa = PBXSourcesBuildPhase;
			buildActionMask = 2147483647;
			files = (
				CCF01720200CA68C00FDEC1B /* tomoyukiHayakawaTests.swift in Sources */,
			);
			runOnlyForDeploymentPostprocessing = 0;
		};
		CCF01722200CA68C00FDEC1B /* Sources */ = {
			isa = PBXSourcesBuildPhase;
			buildActionMask = 2147483647;
			files = (
				CCF0172B200CA68C00FDEC1B /* tomoyukiHayakawaUITests.swift in Sources */,
			);
			runOnlyForDeploymentPostprocessing = 0;
		};
/* End PBXSourcesBuildPhase section */

/* Begin PBXTargetDependency section */
		CCF0171D200CA68B00FDEC1B /* PBXTargetDependency */ = {
			isa = PBXTargetDependency;
			target = CCF01706200CA68B00FDEC1B /* tomoyukiHayakawa */;
			targetProxy = CCF0171C200CA68B00FDEC1B /* PBXContainerItemProxy */;
		};
		CCF01728200CA68C00FDEC1B /* PBXTargetDependency */ = {
			isa = PBXTargetDependency;
			target = CCF01706200CA68B00FDEC1B /* tomoyukiHayakawa */;
			targetProxy = CCF01727200CA68C00FDEC1B /* PBXContainerItemProxy */;
		};
/* End PBXTargetDependency section */

/* Begin PBXVariantGroup section */
		CCF0170E200CA68B00FDEC1B /* Main.storyboard */ = {
			isa = PBXVariantGroup;
			children = (
				CCF0170F200CA68B00FDEC1B /* Base */,
			);
			name = Main.storyboard;
			sourceTree = "<group>";
		};
		CCF01713200CA68B00FDEC1B /* LaunchScreen.storyboard */ = {
			isa = PBXVariantGroup;
			children = (
				CCF01714200CA68B00FDEC1B /* Base */,
			);
			name = LaunchScreen.storyboard;
			sourceTree = "<group>";
		};
/* End PBXVariantGroup section */

/* Begin XCBuildConfiguration section */
		CCF0172D200CA68C00FDEC1B /* Debug */ = {
			isa = XCBuildConfiguration;
			buildSettings = {
				ALWAYS_SEARCH_USER_PATHS = NO;
				CLANG_ANALYZER_NONNULL = YES;
				CLANG_ANALYZER_NUMBER_OBJECT_CONVERSION = YES_AGGRESSIVE;
				CLANG_CXX_LANGUAGE_STANDARD = "gnu++14";
				CLANG_CXX_LIBRARY = "libc++";
				CLANG_ENABLE_MODULES = YES;
				CLANG_ENABLE_OBJC_ARC = YES;
				CLANG_WARN_BLOCK_CAPTURE_AUTORELEASING = YES;
				CLANG_WARN_BOOL_CONVERSION = YES;
				CLANG_WARN_COMMA = YES;
				CLANG_WARN_CONSTANT_CONVERSION = YES;
				CLANG_WARN_DIRECT_OBJC_ISA_USAGE = YES_ERROR;
				CLANG_WARN_DOCUMENTATION_COMMENTS = YES;
				CLANG_WARN_EMPTY_BODY = YES;
				CLANG_WARN_ENUM_CONVERSION = YES;
				CLANG_WARN_INFINITE_RECURSION = YES;
				CLANG_WARN_INT_CONVERSION = YES;
				CLANG_WARN_NON_LITERAL_NULL_CONVERSION = YES;
				CLANG_WARN_OBJC_LITERAL_CONVERSION = YES;
				CLANG_WARN_OBJC_ROOT_CLASS = YES_ERROR;
				CLANG_WARN_RANGE_LOOP_ANALYSIS = YES;
				CLANG_WARN_STRICT_PROTOTYPES = YES;
				CLANG_WARN_SUSPICIOUS_MOVE = YES;
				CLANG_WARN_UNGUARDED_AVAILABILITY = YES_AGGRESSIVE;
				CLANG_WARN_UNREACHABLE_CODE = YES;
				CLANG_WARN__DUPLICATE_METHOD_MATCH = YES;
				CODE_SIGN_IDENTITY = "iPhone Developer";
				COPY_PHASE_STRIP = NO;
				DEBUG_INFORMATION_FORMAT = dwarf;
				ENABLE_STRICT_OBJC_MSGSEND = YES;
				ENABLE_TESTABILITY = YES;
				GCC_C_LANGUAGE_STANDARD = gnu11;
				GCC_DYNAMIC_NO_PIC = NO;
				GCC_NO_COMMON_BLOCKS = YES;
				GCC_OPTIMIZATION_LEVEL = 0;
				GCC_PREPROCESSOR_DEFINITIONS = (
					"DEBUG=1",
					"$(inherited)",
				);
				GCC_WARN_64_TO_32_BIT_CONVERSION = YES;
				GCC_WARN_ABOUT_RETURN_TYPE = YES_ERROR;
				GCC_WARN_UNDECLARED_SELECTOR = YES;
				GCC_WARN_UNINITIALIZED_AUTOS = YES_AGGRESSIVE;
				GCC_WARN_UNUSED_FUNCTION = YES;
				GCC_WARN_UNUSED_VARIABLE = YES;
				IPHONEOS_DEPLOYMENT_TARGET = 11.2;
				MTL_ENABLE_DEBUG_INFO = YES;
				ONLY_ACTIVE_ARCH = YES;
				SDKROOT = iphoneos;
				SWIFT_ACTIVE_COMPILATION_CONDITIONS = DEBUG;
				SWIFT_OPTIMIZATION_LEVEL = "-Onone";
			};
			name = Debug;
		};
		CCF0172E200CA68C00FDEC1B /* Release */ = {
			isa = XCBuildConfiguration;
			buildSettings = {
				ALWAYS_SEARCH_USER_PATHS = NO;
				CLANG_ANALYZER_NONNULL = YES;
				CLANG_ANALYZER_NUMBER_OBJECT_CONVERSION = YES_AGGRESSIVE;
				CLANG_CXX_LANGUAGE_STANDARD = "gnu++14";
				CLANG_CXX_LIBRARY = "libc++";
				CLANG_ENABLE_MODULES = YES;
				CLANG_ENABLE_OBJC_ARC = YES;
				CLANG_WARN_BLOCK_CAPTURE_AUTORELEASING = YES;
				CLANG_WARN_BOOL_CONVERSION = YES;
				CLANG_WARN_COMMA = YES;
				CLANG_WARN_CONSTANT_CONVERSION = YES;
				CLANG_WARN_DIRECT_OBJC_ISA_USAGE = YES_ERROR;
				CLANG_WARN_DOCUMENTATION_COMMENTS = YES;
				CLANG_WARN_EMPTY_BODY = YES;
				CLANG_WARN_ENUM_CONVERSION = YES;
				CLANG_WARN_INFINITE_RECURSION = YES;
				CLANG_WARN_INT_CONVERSION = YES;
				CLANG_WARN_NON_LITERAL_NULL_CONVERSION = YES;
				CLANG_WARN_OBJC_LITERAL_CONVERSION = YES;
				CLANG_WARN_OBJC_ROOT_CLASS = YES_ERROR;
				CLANG_WARN_RANGE_LOOP_ANALYSIS = YES;
				CLANG_WARN_STRICT_PROTOTYPES = YES;
				CLANG_WARN_SUSPICIOUS_MOVE = YES;
				CLANG_WARN_UNGUARDED_AVAILABILITY = YES_AGGRESSIVE;
				CLANG_WARN_UNREACHABLE_CODE = YES;
				CLANG_WARN__DUPLICATE_METHOD_MATCH = YES;
				CODE_SIGN_IDENTITY = "iPhone Developer";
				COPY_PHASE_STRIP = NO;
				DEBUG_INFORMATION_FORMAT = "dwarf-with-dsym";
				ENABLE_NS_ASSERTIONS = NO;
				ENABLE_STRICT_OBJC_MSGSEND = YES;
				GCC_C_LANGUAGE_STANDARD = gnu11;
				GCC_NO_COMMON_BLOCKS = YES;
				GCC_WARN_64_TO_32_BIT_CONVERSION = YES;
				GCC_WARN_ABOUT_RETURN_TYPE = YES_ERROR;
				GCC_WARN_UNDECLARED_SELECTOR = YES;
				GCC_WARN_UNINITIALIZED_AUTOS = YES_AGGRESSIVE;
				GCC_WARN_UNUSED_FUNCTION = YES;
				GCC_WARN_UNUSED_VARIABLE = YES;
				IPHONEOS_DEPLOYMENT_TARGET = 11.2;
				MTL_ENABLE_DEBUG_INFO = NO;
				SDKROOT = iphoneos;
				SWIFT_OPTIMIZATION_LEVEL = "-Owholemodule";
				VALIDATE_PRODUCT = YES;
			};
			name = Release;
		};
		CCF01730200CA68C00FDEC1B /* Debug */ = {
			isa = XCBuildConfiguration;
			buildSettings = {
				ASSETCATALOG_COMPILER_APPICON_NAME = AppIcon;
				CODE_SIGN_STYLE = Automatic;
				DEVELOPMENT_TEAM = 7BYUJ689J5;
				INFOPLIST_FILE = tomoyukiHayakawa/Info.plist;
				LD_RUNPATH_SEARCH_PATHS = "$(inherited) @executable_path/Frameworks";
				PRODUCT_BUNDLE_IDENTIFIER = "Tomoyuki-Hayakawa.tomoyukiHayakawa";
				PRODUCT_NAME = "$(TARGET_NAME)";
				SWIFT_VERSION = 4.0;
				TARGETED_DEVICE_FAMILY = "1,2";
			};
			name = Debug;
		};
		CCF01731200CA68C00FDEC1B /* Release */ = {
			isa = XCBuildConfiguration;
			buildSettings = {
				ASSETCATALOG_COMPILER_APPICON_NAME = AppIcon;
				CODE_SIGN_STYLE = Automatic;
				DEVELOPMENT_TEAM = 7BYUJ689J5;
				INFOPLIST_FILE = tomoyukiHayakawa/Info.plist;
				LD_RUNPATH_SEARCH_PATHS = "$(inherited) @executable_path/Frameworks";
				PRODUCT_BUNDLE_IDENTIFIER = "Tomoyuki-Hayakawa.tomoyukiHayakawa";
				PRODUCT_NAME = "$(TARGET_NAME)";
				SWIFT_VERSION = 4.0;
				TARGETED_DEVICE_FAMILY = "1,2";
			};
			name = Release;
		};
		CCF01733200CA68C00FDEC1B /* Debug */ = {
			isa = XCBuildConfiguration;
			buildSettings = {
				ALWAYS_EMBED_SWIFT_STANDARD_LIBRARIES = YES;
				BUNDLE_LOADER = "$(TEST_HOST)";
				CODE_SIGN_STYLE = Automatic;
				DEVELOPMENT_TEAM = 7BYUJ689J5;
				INFOPLIST_FILE = tomoyukiHayakawaTests/Info.plist;
				LD_RUNPATH_SEARCH_PATHS = "$(inherited) @executable_path/Frameworks @loader_path/Frameworks";
				PRODUCT_BUNDLE_IDENTIFIER = "Tomoyuki-Hayakawa.tomoyukiHayakawaTests";
				PRODUCT_NAME = "$(TARGET_NAME)";
				SWIFT_VERSION = 4.0;
				TARGETED_DEVICE_FAMILY = "1,2";
				TEST_HOST = "$(BUILT_PRODUCTS_DIR)/tomoyukiHayakawa.app/tomoyukiHayakawa";
			};
			name = Debug;
		};
		CCF01734200CA68C00FDEC1B /* Release */ = {
			isa = XCBuildConfiguration;
			buildSettings = {
				ALWAYS_EMBED_SWIFT_STANDARD_LIBRARIES = YES;
				BUNDLE_LOADER = "$(TEST_HOST)";
				CODE_SIGN_STYLE = Automatic;
				DEVELOPMENT_TEAM = 7BYUJ689J5;
				INFOPLIST_FILE = tomoyukiHayakawaTests/Info.plist;
				LD_RUNPATH_SEARCH_PATHS = "$(inherited) @executable_path/Frameworks @loader_path/Frameworks";
				PRODUCT_BUNDLE_IDENTIFIER = "Tomoyuki-Hayakawa.tomoyukiHayakawaTests";
				PRODUCT_NAME = "$(TARGET_NAME)";
				SWIFT_VERSION = 4.0;
				TARGETED_DEVICE_FAMILY = "1,2";
				TEST_HOST = "$(BUILT_PRODUCTS_DIR)/tomoyukiHayakawa.app/tomoyukiHayakawa";
			};
			name = Release;
		};
		CCF01736200CA68C00FDEC1B /* Debug */ = {
			isa = XCBuildConfiguration;
			buildSettings = {
				ALWAYS_EMBED_SWIFT_STANDARD_LIBRARIES = YES;
				CODE_SIGN_STYLE = Automatic;
				DEVELOPMENT_TEAM = 7BYUJ689J5;
				INFOPLIST_FILE = tomoyukiHayakawaUITests/Info.plist;
				LD_RUNPATH_SEARCH_PATHS = "$(inherited) @executable_path/Frameworks @loader_path/Frameworks";
				PRODUCT_BUNDLE_IDENTIFIER = "Tomoyuki-Hayakawa.tomoyukiHayakawaUITests";
				PRODUCT_NAME = "$(TARGET_NAME)";
				SWIFT_VERSION = 4.0;
				TARGETED_DEVICE_FAMILY = "1,2";
				TEST_TARGET_NAME = tomoyukiHayakawa;
			};
			name = Debug;
		};
		CCF01737200CA68C00FDEC1B /* Release */ = {
			isa = XCBuildConfiguration;
			buildSettings = {
				ALWAYS_EMBED_SWIFT_STANDARD_LIBRARIES = YES;
				CODE_SIGN_STYLE = Automatic;
				DEVELOPMENT_TEAM = 7BYUJ689J5;
				INFOPLIST_FILE = tomoyukiHayakawaUITests/Info.plist;
				LD_RUNPATH_SEARCH_PATHS = "$(inherited) @executable_path/Frameworks @loader_path/Frameworks";
				PRODUCT_BUNDLE_IDENTIFIER = "Tomoyuki-Hayakawa.tomoyukiHayakawaUITests";
				PRODUCT_NAME = "$(TARGET_NAME)";
				SWIFT_VERSION = 4.0;
				TARGETED_DEVICE_FAMILY = "1,2";
				TEST_TARGET_NAME = tomoyukiHayakawa;
			};
			name = Release;
		};
/* End XCBuildConfiguration section */

/* Begin XCConfigurationList section */
		CCF01702200CA68B00FDEC1B /* Build configuration list for PBXProject "tomoyukiHayakawa" */ = {
			isa = XCConfigurationList;
			buildConfigurations = (
				CCF0172D200CA68C00FDEC1B /* Debug */,
				CCF0172E200CA68C00FDEC1B /* Release */,
			);
			defaultConfigurationIsVisible = 0;
			defaultConfigurationName = Release;
		};
		CCF0172F200CA68C00FDEC1B /* Build configuration list for PBXNativeTarget "tomoyukiHayakawa" */ = {
			isa = XCConfigurationList;
			buildConfigurations = (
				CCF01730200CA68C00FDEC1B /* Debug */,
				CCF01731200CA68C00FDEC1B /* Release */,
			);
			defaultConfigurationIsVisible = 0;
			defaultConfigurationName = Release;
		};
		CCF01732200CA68C00FDEC1B /* Build configuration list for PBXNativeTarget "tomoyukiHayakawaTests" */ = {
			isa = XCConfigurationList;
			buildConfigurations = (
				CCF01733200CA68C00FDEC1B /* Debug */,
				CCF01734200CA68C00FDEC1B /* Release */,
			);
			defaultConfigurationIsVisible = 0;
			defaultConfigurationName = Release;
		};
		CCF01735200CA68C00FDEC1B /* Build configuration list for PBXNativeTarget "tomoyukiHayakawaUITests" */ = {
			isa = XCConfigurationList;
			buildConfigurations = (
				CCF01736200CA68C00FDEC1B /* Debug */,
				CCF01737200CA68C00FDEC1B /* Release */,
			);
			defaultConfigurationIsVisible = 0;
			defaultConfigurationName = Release;
		};
/* End XCConfigurationList section */
	};
	rootObject = CCF016FF200CA68B00FDEC1B /* Project object */;
}
